// !$*UTF8*$!
{
	archiveVersion = 1;
	classes = {
	};
	objectVersion = 51;
	objects = {

/* Begin PBXBuildFile section */
		0E2BFF4E72926600C5F44FFD /* Pods_XIVAPIv2.framework in Frameworks */ = {isa = PBXBuildFile; fileRef = 34DEBF07B2D65C5975E2E24B /* Pods_XIVAPIv2.framework */; };
		77080C229E376FFD1D5B4F51 /* Pods_XIVAPIv2_XIVAPIv2Tests.framework in Frameworks */ = {isa = PBXBuildFile; fileRef = 91894A0DCF6C1E378407D572 /* Pods_XIVAPIv2_XIVAPIv2Tests.framework */; };
		E924EFDD24A9D189008A18B8 /* SearchCharacterResultTableViewCell.swift in Sources */ = {isa = PBXBuildFile; fileRef = E924EFDC24A9D189008A18B8 /* SearchCharacterResultTableViewCell.swift */; };
		E924EFE024A9DA35008A18B8 /* CharacterDetailed.swift in Sources */ = {isa = PBXBuildFile; fileRef = E924EFDF24A9DA35008A18B8 /* CharacterDetailed.swift */; };
		E924EFE224A9DDCC008A18B8 /* Character.swift in Sources */ = {isa = PBXBuildFile; fileRef = E924EFE124A9DDCC008A18B8 /* Character.swift */; };
		E924EFE624A9E2FB008A18B8 /* Achievement.swift in Sources */ = {isa = PBXBuildFile; fileRef = E924EFE524A9E2FB008A18B8 /* Achievement.swift */; };
		E924EFE824A9E30A008A18B8 /* AchivementList.swift in Sources */ = {isa = PBXBuildFile; fileRef = E924EFE724A9E30A008A18B8 /* AchivementList.swift */; };
		E924EFEB24A9E4BF008A18B8 /* Job.swift in Sources */ = {isa = PBXBuildFile; fileRef = E924EFEA24A9E4BF008A18B8 /* Job.swift */; };
		E924EFED24A9E587008A18B8 /* UnlockedState.swift in Sources */ = {isa = PBXBuildFile; fileRef = E924EFEC24A9E587008A18B8 /* UnlockedState.swift */; };
		E924EFF024A9E618008A18B8 /* Gear.swift in Sources */ = {isa = PBXBuildFile; fileRef = E924EFEF24A9E618008A18B8 /* Gear.swift */; };
		E924EFF224A9E625008A18B8 /* GearSet.swift in Sources */ = {isa = PBXBuildFile; fileRef = E924EFF124A9E625008A18B8 /* GearSet.swift */; };
		E924EFF424A9E64A008A18B8 /* Attribute.swift in Sources */ = {isa = PBXBuildFile; fileRef = E924EFF324A9E64A008A18B8 /* Attribute.swift */; };
		E924EFF824A9EB59008A18B8 /* GearParts.swift in Sources */ = {isa = PBXBuildFile; fileRef = E924EFF724A9EB59008A18B8 /* GearParts.swift */; };
		E924EFFB24A9F4C6008A18B8 /* GrandCompany.swift in Sources */ = {isa = PBXBuildFile; fileRef = E924EFFA24A9F4C6008A18B8 /* GrandCompany.swift */; };
		E924EFFD24AA0C39008A18B8 /* CharacterViewController.swift in Sources */ = {isa = PBXBuildFile; fileRef = E924EFFC24AA0C39008A18B8 /* CharacterViewController.swift */; };
		E924F00024AC85E9008A18B8 /* Other.swift in Sources */ = {isa = PBXBuildFile; fileRef = E924EFFF24AC85E9008A18B8 /* Other.swift */; };
		E924F00324AC8848008A18B8 /* SearchOther.swift in Sources */ = {isa = PBXBuildFile; fileRef = E924F00224AC8848008A18B8 /* SearchOther.swift */; };
		E924F00624AC8A22008A18B8 /* SearchOtherViewController.swift in Sources */ = {isa = PBXBuildFile; fileRef = E924F00524AC8A22008A18B8 /* SearchOtherViewController.swift */; };
		E924F00824AC8A60008A18B8 /* SearchOtherResultsTableViewController.swift in Sources */ = {isa = PBXBuildFile; fileRef = E924F00724AC8A60008A18B8 /* SearchOtherResultsTableViewController.swift */; };
		E924F00A24AC8A76008A18B8 /* SearchOtherResultsTableViewCell.swift in Sources */ = {isa = PBXBuildFile; fileRef = E924F00924AC8A76008A18B8 /* SearchOtherResultsTableViewCell.swift */; };
		E95BDF3124A4A1EA00D278EE /* PatchViewController.swift in Sources */ = {isa = PBXBuildFile; fileRef = E95BDF3024A4A1EA00D278EE /* PatchViewController.swift */; };
		E95BDF3424A4DE1200D278EE /* SearchCharacterViewController.swift in Sources */ = {isa = PBXBuildFile; fileRef = E95BDF3324A4DE1200D278EE /* SearchCharacterViewController.swift */; };
		E95BDF3824A4E6B900D278EE /* CharacterShort.swift in Sources */ = {isa = PBXBuildFile; fileRef = E95BDF3724A4E6B900D278EE /* CharacterShort.swift */; };
		E95BDF3A24A4EA1C00D278EE /* SearchCharacter.swift in Sources */ = {isa = PBXBuildFile; fileRef = E95BDF3924A4EA1C00D278EE /* SearchCharacter.swift */; };
		E95BDF3D24A4EA7100D278EE /* Pagination.swift in Sources */ = {isa = PBXBuildFile; fileRef = E95BDF3C24A4EA7100D278EE /* Pagination.swift */; };
		E95BDF3F24A4F3A900D278EE /* SearchCharacterResultTableViewController.swift in Sources */ = {isa = PBXBuildFile; fileRef = E95BDF3E24A4F3A900D278EE /* SearchCharacterResultTableViewController.swift */; };
		E976E28B24A208450095113F /* AppDelegate.swift in Sources */ = {isa = PBXBuildFile; fileRef = E976E28A24A208450095113F /* AppDelegate.swift */; };
		E976E28D24A208450095113F /* SceneDelegate.swift in Sources */ = {isa = PBXBuildFile; fileRef = E976E28C24A208450095113F /* SceneDelegate.swift */; };
		E976E28F24A208450095113F /* ViewController.swift in Sources */ = {isa = PBXBuildFile; fileRef = E976E28E24A208450095113F /* ViewController.swift */; };
		E976E29224A208450095113F /* Main.storyboard in Resources */ = {isa = PBXBuildFile; fileRef = E976E29024A208450095113F /* Main.storyboard */; };
		E976E29424A208480095113F /* Assets.xcassets in Resources */ = {isa = PBXBuildFile; fileRef = E976E29324A208480095113F /* Assets.xcassets */; };
		E976E29724A208480095113F /* LaunchScreen.storyboard in Resources */ = {isa = PBXBuildFile; fileRef = E976E29524A208480095113F /* LaunchScreen.storyboard */; };
		E976E2A224A208480095113F /* XIVAPIv2Tests.swift in Sources */ = {isa = PBXBuildFile; fileRef = E976E2A124A208480095113F /* XIVAPIv2Tests.swift */; };
		E976E2AF24A237FC0095113F /* Server.swift in Sources */ = {isa = PBXBuildFile; fileRef = E976E2AE24A237FC0095113F /* Server.swift */; };
		E976E2B124A23B1A0095113F /* Patch.swift in Sources */ = {isa = PBXBuildFile; fileRef = E976E2B024A23B1A0095113F /* Patch.swift */; };
		E976E2B324A244FF0095113F /* ServerTableViewController.swift in Sources */ = {isa = PBXBuildFile; fileRef = E976E2B224A244FF0095113F /* ServerTableViewController.swift */; };
		E976E2B524A24F210095113F /* ServerTableViewCell.swift in Sources */ = {isa = PBXBuildFile; fileRef = E976E2B424A24F210095113F /* ServerTableViewCell.swift */; };
		E976E2B724A25F960095113F /* PatchTableViewCell.swift in Sources */ = {isa = PBXBuildFile; fileRef = E976E2B624A25F960095113F /* PatchTableViewCell.swift */; };
		E976E2B924A25FCC0095113F /* PatchTableViewController.swift in Sources */ = {isa = PBXBuildFile; fileRef = E976E2B824A25FCC0095113F /* PatchTableViewController.swift */; };
/* End PBXBuildFile section */

/* Begin PBXContainerItemProxy section */
		E976E29E24A208480095113F /* PBXContainerItemProxy */ = {
			isa = PBXContainerItemProxy;
			containerPortal = E976E27F24A208450095113F /* Project object */;
			proxyType = 1;
			remoteGlobalIDString = E976E28624A208450095113F;
			remoteInfo = XIVAPIv2;
		};
/* End PBXContainerItemProxy section */

/* Begin PBXFileReference section */
		1FA32AF6D8C0D9BAC4E8FBB2 /* Pods-XIVAPIv2-XIVAPIv2Tests.release.xcconfig */ = {isa = PBXFileReference; includeInIndex = 1; lastKnownFileType = text.xcconfig; name = "Pods-XIVAPIv2-XIVAPIv2Tests.release.xcconfig"; path = "Target Support Files/Pods-XIVAPIv2-XIVAPIv2Tests/Pods-XIVAPIv2-XIVAPIv2Tests.release.xcconfig"; sourceTree = "<group>"; };
		2AD0913336EE93C055DD1CB1 /* Pods-XIVAPIv2.debug.xcconfig */ = {isa = PBXFileReference; includeInIndex = 1; lastKnownFileType = text.xcconfig; name = "Pods-XIVAPIv2.debug.xcconfig"; path = "Target Support Files/Pods-XIVAPIv2/Pods-XIVAPIv2.debug.xcconfig"; sourceTree = "<group>"; };
		34DEBF07B2D65C5975E2E24B /* Pods_XIVAPIv2.framework */ = {isa = PBXFileReference; explicitFileType = wrapper.framework; includeInIndex = 0; path = Pods_XIVAPIv2.framework; sourceTree = BUILT_PRODUCTS_DIR; };
		44EA4B010D4FD02733EFAB5A /* Pods-XIVAPIv2.release.xcconfig */ = {isa = PBXFileReference; includeInIndex = 1; lastKnownFileType = text.xcconfig; name = "Pods-XIVAPIv2.release.xcconfig"; path = "Target Support Files/Pods-XIVAPIv2/Pods-XIVAPIv2.release.xcconfig"; sourceTree = "<group>"; };
		91894A0DCF6C1E378407D572 /* Pods_XIVAPIv2_XIVAPIv2Tests.framework */ = {isa = PBXFileReference; explicitFileType = wrapper.framework; includeInIndex = 0; path = Pods_XIVAPIv2_XIVAPIv2Tests.framework; sourceTree = BUILT_PRODUCTS_DIR; };
		B0A492708D10BF0D6D380F49 /* Pods-XIVAPIv2-XIVAPIv2Tests.debug.xcconfig */ = {isa = PBXFileReference; includeInIndex = 1; lastKnownFileType = text.xcconfig; name = "Pods-XIVAPIv2-XIVAPIv2Tests.debug.xcconfig"; path = "Target Support Files/Pods-XIVAPIv2-XIVAPIv2Tests/Pods-XIVAPIv2-XIVAPIv2Tests.debug.xcconfig"; sourceTree = "<group>"; };
		E924EFDC24A9D189008A18B8 /* SearchCharacterResultTableViewCell.swift */ = {isa = PBXFileReference; lastKnownFileType = sourcecode.swift; path = SearchCharacterResultTableViewCell.swift; sourceTree = "<group>"; };
		E924EFDF24A9DA35008A18B8 /* CharacterDetailed.swift */ = {isa = PBXFileReference; lastKnownFileType = sourcecode.swift; path = CharacterDetailed.swift; sourceTree = "<group>"; };
		E924EFE124A9DDCC008A18B8 /* Character.swift */ = {isa = PBXFileReference; lastKnownFileType = sourcecode.swift; path = Character.swift; sourceTree = "<group>"; };
		E924EFE524A9E2FB008A18B8 /* Achievement.swift */ = {isa = PBXFileReference; lastKnownFileType = sourcecode.swift; path = Achievement.swift; sourceTree = "<group>"; };
		E924EFE724A9E30A008A18B8 /* AchivementList.swift */ = {isa = PBXFileReference; lastKnownFileType = sourcecode.swift; path = AchivementList.swift; sourceTree = "<group>"; };
		E924EFEA24A9E4BF008A18B8 /* Job.swift */ = {isa = PBXFileReference; lastKnownFileType = sourcecode.swift; path = Job.swift; sourceTree = "<group>"; };
		E924EFEC24A9E587008A18B8 /* UnlockedState.swift */ = {isa = PBXFileReference; lastKnownFileType = sourcecode.swift; path = UnlockedState.swift; sourceTree = "<group>"; };
		E924EFEF24A9E618008A18B8 /* Gear.swift */ = {isa = PBXFileReference; lastKnownFileType = sourcecode.swift; path = Gear.swift; sourceTree = "<group>"; };
		E924EFF124A9E625008A18B8 /* GearSet.swift */ = {isa = PBXFileReference; lastKnownFileType = sourcecode.swift; path = GearSet.swift; sourceTree = "<group>"; };
		E924EFF324A9E64A008A18B8 /* Attribute.swift */ = {isa = PBXFileReference; lastKnownFileType = sourcecode.swift; path = Attribute.swift; sourceTree = "<group>"; };
		E924EFF724A9EB59008A18B8 /* GearParts.swift */ = {isa = PBXFileReference; lastKnownFileType = sourcecode.swift; path = GearParts.swift; sourceTree = "<group>"; };
		E924EFFA24A9F4C6008A18B8 /* GrandCompany.swift */ = {isa = PBXFileReference; lastKnownFileType = sourcecode.swift; path = GrandCompany.swift; sourceTree = "<group>"; };
		E924EFFC24AA0C39008A18B8 /* CharacterViewController.swift */ = {isa = PBXFileReference; lastKnownFileType = sourcecode.swift; path = CharacterViewController.swift; sourceTree = "<group>"; };
		E924EFFF24AC85E9008A18B8 /* Other.swift */ = {isa = PBXFileReference; lastKnownFileType = sourcecode.swift; path = Other.swift; sourceTree = "<group>"; };
		E924F00224AC8848008A18B8 /* SearchOther.swift */ = {isa = PBXFileReference; lastKnownFileType = sourcecode.swift; path = SearchOther.swift; sourceTree = "<group>"; };
		E924F00524AC8A22008A18B8 /* SearchOtherViewController.swift */ = {isa = PBXFileReference; lastKnownFileType = sourcecode.swift; path = SearchOtherViewController.swift; sourceTree = "<group>"; };
		E924F00724AC8A60008A18B8 /* SearchOtherResultsTableViewController.swift */ = {isa = PBXFileReference; lastKnownFileType = sourcecode.swift; path = SearchOtherResultsTableViewController.swift; sourceTree = "<group>"; };
		E924F00924AC8A76008A18B8 /* SearchOtherResultsTableViewCell.swift */ = {isa = PBXFileReference; lastKnownFileType = sourcecode.swift; path = SearchOtherResultsTableViewCell.swift; sourceTree = "<group>"; };
		E95BDF3024A4A1EA00D278EE /* PatchViewController.swift */ = {isa = PBXFileReference; lastKnownFileType = sourcecode.swift; path = PatchViewController.swift; sourceTree = "<group>"; };
		E95BDF3324A4DE1200D278EE /* SearchCharacterViewController.swift */ = {isa = PBXFileReference; lastKnownFileType = sourcecode.swift; path = SearchCharacterViewController.swift; sourceTree = "<group>"; };
		E95BDF3724A4E6B900D278EE /* CharacterShort.swift */ = {isa = PBXFileReference; lastKnownFileType = sourcecode.swift; path = CharacterShort.swift; sourceTree = "<group>"; };
		E95BDF3924A4EA1C00D278EE /* SearchCharacter.swift */ = {isa = PBXFileReference; lastKnownFileType = sourcecode.swift; path = SearchCharacter.swift; sourceTree = "<group>"; };
		E95BDF3C24A4EA7100D278EE /* Pagination.swift */ = {isa = PBXFileReference; lastKnownFileType = sourcecode.swift; path = Pagination.swift; sourceTree = "<group>"; };
		E95BDF3E24A4F3A900D278EE /* SearchCharacterResultTableViewController.swift */ = {isa = PBXFileReference; lastKnownFileType = sourcecode.swift; path = SearchCharacterResultTableViewController.swift; sourceTree = "<group>"; };
		E976E28724A208450095113F /* XIVAPIv2.app */ = {isa = PBXFileReference; explicitFileType = wrapper.application; includeInIndex = 0; path = XIVAPIv2.app; sourceTree = BUILT_PRODUCTS_DIR; };
		E976E28A24A208450095113F /* AppDelegate.swift */ = {isa = PBXFileReference; lastKnownFileType = sourcecode.swift; path = AppDelegate.swift; sourceTree = "<group>"; };
		E976E28C24A208450095113F /* SceneDelegate.swift */ = {isa = PBXFileReference; lastKnownFileType = sourcecode.swift; path = SceneDelegate.swift; sourceTree = "<group>"; };
		E976E28E24A208450095113F /* ViewController.swift */ = {isa = PBXFileReference; lastKnownFileType = sourcecode.swift; path = ViewController.swift; sourceTree = "<group>"; };
		E976E29124A208450095113F /* Base */ = {isa = PBXFileReference; lastKnownFileType = file.storyboard; name = Base; path = Base.lproj/Main.storyboard; sourceTree = "<group>"; };
		E976E29324A208480095113F /* Assets.xcassets */ = {isa = PBXFileReference; lastKnownFileType = folder.assetcatalog; path = Assets.xcassets; sourceTree = "<group>"; };
		E976E29624A208480095113F /* Base */ = {isa = PBXFileReference; lastKnownFileType = file.storyboard; name = Base; path = Base.lproj/LaunchScreen.storyboard; sourceTree = "<group>"; };
		E976E29824A208480095113F /* Info.plist */ = {isa = PBXFileReference; lastKnownFileType = text.plist.xml; path = Info.plist; sourceTree = "<group>"; };
		E976E29D24A208480095113F /* XIVAPIv2Tests.xctest */ = {isa = PBXFileReference; explicitFileType = wrapper.cfbundle; includeInIndex = 0; path = XIVAPIv2Tests.xctest; sourceTree = BUILT_PRODUCTS_DIR; };
		E976E2A124A208480095113F /* XIVAPIv2Tests.swift */ = {isa = PBXFileReference; lastKnownFileType = sourcecode.swift; path = XIVAPIv2Tests.swift; sourceTree = "<group>"; };
		E976E2A324A208480095113F /* Info.plist */ = {isa = PBXFileReference; lastKnownFileType = text.plist.xml; path = Info.plist; sourceTree = "<group>"; };
		E976E2AE24A237FC0095113F /* Server.swift */ = {isa = PBXFileReference; lastKnownFileType = sourcecode.swift; path = Server.swift; sourceTree = "<group>"; };
		E976E2B024A23B1A0095113F /* Patch.swift */ = {isa = PBXFileReference; lastKnownFileType = sourcecode.swift; path = Patch.swift; sourceTree = "<group>"; };
		E976E2B224A244FF0095113F /* ServerTableViewController.swift */ = {isa = PBXFileReference; lastKnownFileType = sourcecode.swift; path = ServerTableViewController.swift; sourceTree = "<group>"; };
		E976E2B424A24F210095113F /* ServerTableViewCell.swift */ = {isa = PBXFileReference; lastKnownFileType = sourcecode.swift; path = ServerTableViewCell.swift; sourceTree = "<group>"; };
		E976E2B624A25F960095113F /* PatchTableViewCell.swift */ = {isa = PBXFileReference; lastKnownFileType = sourcecode.swift; path = PatchTableViewCell.swift; sourceTree = "<group>"; };
		E976E2B824A25FCC0095113F /* PatchTableViewController.swift */ = {isa = PBXFileReference; lastKnownFileType = sourcecode.swift; path = PatchTableViewController.swift; sourceTree = "<group>"; };
/* End PBXFileReference section */

/* Begin PBXFrameworksBuildPhase section */
		E976E28424A208450095113F /* Frameworks */ = {
			isa = PBXFrameworksBuildPhase;
			buildActionMask = 2147483647;
			files = (
				0E2BFF4E72926600C5F44FFD /* Pods_XIVAPIv2.framework in Frameworks */,
			);
			runOnlyForDeploymentPostprocessing = 0;
		};
		E976E29A24A208480095113F /* Frameworks */ = {
			isa = PBXFrameworksBuildPhase;
			buildActionMask = 2147483647;
			files = (
				77080C229E376FFD1D5B4F51 /* Pods_XIVAPIv2_XIVAPIv2Tests.framework in Frameworks */,
			);
			runOnlyForDeploymentPostprocessing = 0;
		};
/* End PBXFrameworksBuildPhase section */

/* Begin PBXGroup section */
		11CA81F2EC9B5313ED4A6B22 /* Pods */ = {
			isa = PBXGroup;
			children = (
				2AD0913336EE93C055DD1CB1 /* Pods-XIVAPIv2.debug.xcconfig */,
				44EA4B010D4FD02733EFAB5A /* Pods-XIVAPIv2.release.xcconfig */,
				B0A492708D10BF0D6D380F49 /* Pods-XIVAPIv2-XIVAPIv2Tests.debug.xcconfig */,
				1FA32AF6D8C0D9BAC4E8FBB2 /* Pods-XIVAPIv2-XIVAPIv2Tests.release.xcconfig */,
			);
			path = Pods;
			sourceTree = "<group>";
		};
		1702AF3A746F868DB49FFC3B /* Frameworks */ = {
			isa = PBXGroup;
			children = (
				34DEBF07B2D65C5975E2E24B /* Pods_XIVAPIv2.framework */,
				91894A0DCF6C1E378407D572 /* Pods_XIVAPIv2_XIVAPIv2Tests.framework */,
			);
			name = Frameworks;
			sourceTree = "<group>";
		};
		E924EFDE24A9DA1E008A18B8 /* Character */ = {
			isa = PBXGroup;
			children = (
				E924EFDF24A9DA35008A18B8 /* CharacterDetailed.swift */,
				E95BDF3724A4E6B900D278EE /* CharacterShort.swift */,
				E924EFE124A9DDCC008A18B8 /* Character.swift */,
				E924EFFC24AA0C39008A18B8 /* CharacterViewController.swift */,
			);
			path = Character;
			sourceTree = "<group>";
		};
		E924EFE424A9E2CD008A18B8 /* Achievement */ = {
			isa = PBXGroup;
			children = (
				E924EFE524A9E2FB008A18B8 /* Achievement.swift */,
				E924EFE724A9E30A008A18B8 /* AchivementList.swift */,
			);
			path = Achievement;
			sourceTree = "<group>";
		};
		E924EFE924A9E48E008A18B8 /* Job */ = {
			isa = PBXGroup;
			children = (
				E924EFEA24A9E4BF008A18B8 /* Job.swift */,
				E924EFEC24A9E587008A18B8 /* UnlockedState.swift */,
			);
			path = Job;
			sourceTree = "<group>";
		};
		E924EFEE24A9E60D008A18B8 /* Gear */ = {
			isa = PBXGroup;
			children = (
				E924EFEF24A9E618008A18B8 /* Gear.swift */,
				E924EFF124A9E625008A18B8 /* GearSet.swift */,
				E924EFF324A9E64A008A18B8 /* Attribute.swift */,
				E924EFF724A9EB59008A18B8 /* GearParts.swift */,
			);
			path = Gear;
			sourceTree = "<group>";
		};
		E924EFF924A9F4B2008A18B8 /* Company */ = {
			isa = PBXGroup;
			children = (
				E924EFFA24A9F4C6008A18B8 /* GrandCompany.swift */,
			);
			path = Company;
			sourceTree = "<group>";
		};
		E924EFFE24AC85C7008A18B8 /* Other */ = {
			isa = PBXGroup;
			children = (
				E924EFFF24AC85E9008A18B8 /* Other.swift */,
			);
			path = Other;
			sourceTree = "<group>";
		};
		E924F00424AC8904008A18B8 /* SearchOther */ = {
			isa = PBXGroup;
			children = (
				E924F00224AC8848008A18B8 /* SearchOther.swift */,
				E924F00524AC8A22008A18B8 /* SearchOtherViewController.swift */,
				E924F00724AC8A60008A18B8 /* SearchOtherResultsTableViewController.swift */,
				E924F00924AC8A76008A18B8 /* SearchOtherResultsTableViewCell.swift */,
			);
			path = SearchOther;
			sourceTree = "<group>";
		};
		E95BDF3224A4DDE700D278EE /* SearchCharacter */ = {
			isa = PBXGroup;
			children = (
				E95BDF3324A4DE1200D278EE /* SearchCharacterViewController.swift */,
				E95BDF3924A4EA1C00D278EE /* SearchCharacter.swift */,
				E95BDF3E24A4F3A900D278EE /* SearchCharacterResultTableViewController.swift */,
				E924EFDC24A9D189008A18B8 /* SearchCharacterResultTableViewCell.swift */,
			);
			path = SearchCharacter;
			sourceTree = "<group>";
		};
		E95BDF3B24A4EA5400D278EE /* Network */ = {
			isa = PBXGroup;
			children = (
				E95BDF3C24A4EA7100D278EE /* Pagination.swift */,
			);
			path = Network;
			sourceTree = "<group>";
		};
		E976E27E24A208450095113F = {
			isa = PBXGroup;
			children = (
				E976E28924A208450095113F /* XIVAPIv2 */,
				E976E2A024A208480095113F /* XIVAPIv2Tests */,
				E976E28824A208450095113F /* Products */,
				11CA81F2EC9B5313ED4A6B22 /* Pods */,
				1702AF3A746F868DB49FFC3B /* Frameworks */,
			);
			sourceTree = "<group>";
		};
		E976E28824A208450095113F /* Products */ = {
			isa = PBXGroup;
			children = (
				E976E28724A208450095113F /* XIVAPIv2.app */,
				E976E29D24A208480095113F /* XIVAPIv2Tests.xctest */,
			);
			name = Products;
			sourceTree = "<group>";
		};
		E976E28924A208450095113F /* XIVAPIv2 */ = {
			isa = PBXGroup;
			children = (
				E924EFFE24AC85C7008A18B8 /* Other */,
				E924EFF924A9F4B2008A18B8 /* Company */,
				E924EFEE24A9E60D008A18B8 /* Gear */,
				E924EFE924A9E48E008A18B8 /* Job */,
				E924EFE424A9E2CD008A18B8 /* Achievement */,
				E924EFDE24A9DA1E008A18B8 /* Character */,
				E95BDF3B24A4EA5400D278EE /* Network */,
				E95BDF3224A4DDE700D278EE /* SearchCharacter */,
				E924F00424AC8904008A18B8 /* SearchOther */,
				E976E2AD24A237E20095113F /* Servers */,
				E976E2AC24A237D00095113F /* Patchs */,
				E976E28A24A208450095113F /* AppDelegate.swift */,
				E976E28C24A208450095113F /* SceneDelegate.swift */,
				E976E28E24A208450095113F /* ViewController.swift */,
				E976E29024A208450095113F /* Main.storyboard */,
				E976E29324A208480095113F /* Assets.xcassets */,
				E976E29524A208480095113F /* LaunchScreen.storyboard */,
				E976E29824A208480095113F /* Info.plist */,
			);
			path = XIVAPIv2;
			sourceTree = "<group>";
		};
		E976E2A024A208480095113F /* XIVAPIv2Tests */ = {
			isa = PBXGroup;
			children = (
				E976E2A124A208480095113F /* XIVAPIv2Tests.swift */,
				E976E2A324A208480095113F /* Info.plist */,
			);
			path = XIVAPIv2Tests;
			sourceTree = "<group>";
		};
		E976E2AC24A237D00095113F /* Patchs */ = {
			isa = PBXGroup;
			children = (
				E976E2B024A23B1A0095113F /* Patch.swift */,
				E976E2B824A25FCC0095113F /* PatchTableViewController.swift */,
				E976E2B624A25F960095113F /* PatchTableViewCell.swift */,
				E95BDF3024A4A1EA00D278EE /* PatchViewController.swift */,
			);
			path = Patchs;
			sourceTree = "<group>";
		};
		E976E2AD24A237E20095113F /* Servers */ = {
			isa = PBXGroup;
			children = (
				E976E2AE24A237FC0095113F /* Server.swift */,
				E976E2B224A244FF0095113F /* ServerTableViewController.swift */,
				E976E2B424A24F210095113F /* ServerTableViewCell.swift */,
			);
			path = Servers;
			sourceTree = "<group>";
		};
/* End PBXGroup section */

/* Begin PBXNativeTarget section */
		E976E28624A208450095113F /* XIVAPIv2 */ = {
			isa = PBXNativeTarget;
			buildConfigurationList = E976E2A624A208480095113F /* Build configuration list for PBXNativeTarget "XIVAPIv2" */;
			buildPhases = (
				8B1EF5033FB43CA3F61BA8EE /* [CP] Check Pods Manifest.lock */,
				E976E28324A208450095113F /* Sources */,
				E976E28424A208450095113F /* Frameworks */,
				E976E28524A208450095113F /* Resources */,
				DE78A046F0AB2BA3266DCD67 /* [CP] Embed Pods Frameworks */,
			);
			buildRules = (
			);
			dependencies = (
			);
			name = XIVAPIv2;
			productName = XIVAPIv2;
			productReference = E976E28724A208450095113F /* XIVAPIv2.app */;
			productType = "com.apple.product-type.application";
		};
		E976E29C24A208480095113F /* XIVAPIv2Tests */ = {
			isa = PBXNativeTarget;
			buildConfigurationList = E976E2A924A208480095113F /* Build configuration list for PBXNativeTarget "XIVAPIv2Tests" */;
			buildPhases = (
				6504599A67053AB0692D8589 /* [CP] Check Pods Manifest.lock */,
				E976E29924A208480095113F /* Sources */,
				E976E29A24A208480095113F /* Frameworks */,
				E976E29B24A208480095113F /* Resources */,
				A46197E69202073BF76D3A68 /* [CP] Embed Pods Frameworks */,
			);
			buildRules = (
			);
			dependencies = (
				E976E29F24A208480095113F /* PBXTargetDependency */,
			);
			name = XIVAPIv2Tests;
			productName = XIVAPIv2Tests;
			productReference = E976E29D24A208480095113F /* XIVAPIv2Tests.xctest */;
			productType = "com.apple.product-type.bundle.unit-test";
		};
/* End PBXNativeTarget section */

/* Begin PBXProject section */
		E976E27F24A208450095113F /* Project object */ = {
			isa = PBXProject;
			attributes = {
				LastSwiftUpdateCheck = 1150;
				LastUpgradeCheck = 1150;
				ORGANIZATIONNAME = Thomas;
				TargetAttributes = {
					E976E28624A208450095113F = {
						CreatedOnToolsVersion = 11.5;
					};
					E976E29C24A208480095113F = {
						CreatedOnToolsVersion = 11.5;
						TestTargetID = E976E28624A208450095113F;
					};
				};
			};
			buildConfigurationList = E976E28224A208450095113F /* Build configuration list for PBXProject "XIVAPIv2" */;
			compatibilityVersion = "Xcode 9.3";
			developmentRegion = en;
			hasScannedForEncodings = 0;
			knownRegions = (
				en,
				Base,
			);
			mainGroup = E976E27E24A208450095113F;
			productRefGroup = E976E28824A208450095113F /* Products */;
			projectDirPath = "";
			projectRoot = "";
			targets = (
				E976E28624A208450095113F /* XIVAPIv2 */,
				E976E29C24A208480095113F /* XIVAPIv2Tests */,
			);
		};
/* End PBXProject section */

/* Begin PBXResourcesBuildPhase section */
		E976E28524A208450095113F /* Resources */ = {
			isa = PBXResourcesBuildPhase;
			buildActionMask = 2147483647;
			files = (
				E976E29724A208480095113F /* LaunchScreen.storyboard in Resources */,
				E976E29424A208480095113F /* Assets.xcassets in Resources */,
				E976E29224A208450095113F /* Main.storyboard in Resources */,
			);
			runOnlyForDeploymentPostprocessing = 0;
		};
		E976E29B24A208480095113F /* Resources */ = {
			isa = PBXResourcesBuildPhase;
			buildActionMask = 2147483647;
			files = (
			);
			runOnlyForDeploymentPostprocessing = 0;
		};
/* End PBXResourcesBuildPhase section */

/* Begin PBXShellScriptBuildPhase section */
		6504599A67053AB0692D8589 /* [CP] Check Pods Manifest.lock */ = {
			isa = PBXShellScriptBuildPhase;
			buildActionMask = 2147483647;
			files = (
			);
			inputFileListPaths = (
			);
			inputPaths = (
				"${PODS_PODFILE_DIR_PATH}/Podfile.lock",
				"${PODS_ROOT}/Manifest.lock",
			);
			name = "[CP] Check Pods Manifest.lock";
			outputFileListPaths = (
			);
			outputPaths = (
				"$(DERIVED_FILE_DIR)/Pods-XIVAPIv2-XIVAPIv2Tests-checkManifestLockResult.txt",
			);
			runOnlyForDeploymentPostprocessing = 0;
			shellPath = /bin/sh;
			shellScript = "diff \"${PODS_PODFILE_DIR_PATH}/Podfile.lock\" \"${PODS_ROOT}/Manifest.lock\" > /dev/null\nif [ $? != 0 ] ; then\n    # print error to STDERR\n    echo \"error: The sandbox is not in sync with the Podfile.lock. Run 'pod install' or update your CocoaPods installation.\" >&2\n    exit 1\nfi\n# This output is used by Xcode 'outputs' to avoid re-running this script phase.\necho \"SUCCESS\" > \"${SCRIPT_OUTPUT_FILE_0}\"\n";
			showEnvVarsInLog = 0;
		};
		8B1EF5033FB43CA3F61BA8EE /* [CP] Check Pods Manifest.lock */ = {
			isa = PBXShellScriptBuildPhase;
			buildActionMask = 2147483647;
			files = (
			);
			inputFileListPaths = (
			);
			inputPaths = (
				"${PODS_PODFILE_DIR_PATH}/Podfile.lock",
				"${PODS_ROOT}/Manifest.lock",
			);
			name = "[CP] Check Pods Manifest.lock";
			outputFileListPaths = (
			);
			outputPaths = (
				"$(DERIVED_FILE_DIR)/Pods-XIVAPIv2-checkManifestLockResult.txt",
			);
			runOnlyForDeploymentPostprocessing = 0;
			shellPath = /bin/sh;
			shellScript = "diff \"${PODS_PODFILE_DIR_PATH}/Podfile.lock\" \"${PODS_ROOT}/Manifest.lock\" > /dev/null\nif [ $? != 0 ] ; then\n    # print error to STDERR\n    echo \"error: The sandbox is not in sync with the Podfile.lock. Run 'pod install' or update your CocoaPods installation.\" >&2\n    exit 1\nfi\n# This output is used by Xcode 'outputs' to avoid re-running this script phase.\necho \"SUCCESS\" > \"${SCRIPT_OUTPUT_FILE_0}\"\n";
			showEnvVarsInLog = 0;
		};
		A46197E69202073BF76D3A68 /* [CP] Embed Pods Frameworks */ = {
			isa = PBXShellScriptBuildPhase;
			buildActionMask = 2147483647;
			files = (
			);
			inputFileListPaths = (
				"${PODS_ROOT}/Target Support Files/Pods-XIVAPIv2-XIVAPIv2Tests/Pods-XIVAPIv2-XIVAPIv2Tests-frameworks-${CONFIGURATION}-input-files.xcfilelist",
			);
			name = "[CP] Embed Pods Frameworks";
			outputFileListPaths = (
				"${PODS_ROOT}/Target Support Files/Pods-XIVAPIv2-XIVAPIv2Tests/Pods-XIVAPIv2-XIVAPIv2Tests-frameworks-${CONFIGURATION}-output-files.xcfilelist",
			);
			runOnlyForDeploymentPostprocessing = 0;
			shellPath = /bin/sh;
			shellScript = "\"${PODS_ROOT}/Target Support Files/Pods-XIVAPIv2-XIVAPIv2Tests/Pods-XIVAPIv2-XIVAPIv2Tests-frameworks.sh\"\n";
			showEnvVarsInLog = 0;
		};
		DE78A046F0AB2BA3266DCD67 /* [CP] Embed Pods Frameworks */ = {
			isa = PBXShellScriptBuildPhase;
			buildActionMask = 2147483647;
			files = (
			);
			inputFileListPaths = (
				"${PODS_ROOT}/Target Support Files/Pods-XIVAPIv2/Pods-XIVAPIv2-frameworks-${CONFIGURATION}-input-files.xcfilelist",
			);
			name = "[CP] Embed Pods Frameworks";
			outputFileListPaths = (
				"${PODS_ROOT}/Target Support Files/Pods-XIVAPIv2/Pods-XIVAPIv2-frameworks-${CONFIGURATION}-output-files.xcfilelist",
			);
			runOnlyForDeploymentPostprocessing = 0;
			shellPath = /bin/sh;
			shellScript = "\"${PODS_ROOT}/Target Support Files/Pods-XIVAPIv2/Pods-XIVAPIv2-frameworks.sh\"\n";
			showEnvVarsInLog = 0;
		};
/* End PBXShellScriptBuildPhase section */

/* Begin PBXSourcesBuildPhase section */
		E976E28324A208450095113F /* Sources */ = {
			isa = PBXSourcesBuildPhase;
			buildActionMask = 2147483647;
			files = (
				E95BDF3824A4E6B900D278EE /* CharacterShort.swift in Sources */,
				E976E2B524A24F210095113F /* ServerTableViewCell.swift in Sources */,
				E924F00624AC8A22008A18B8 /* SearchOtherViewController.swift in Sources */,
				E924EFDD24A9D189008A18B8 /* SearchCharacterResultTableViewCell.swift in Sources */,
				E924EFE024A9DA35008A18B8 /* CharacterDetailed.swift in Sources */,
				E924EFF824A9EB59008A18B8 /* GearParts.swift in Sources */,
				E924F00024AC85E9008A18B8 /* Other.swift in Sources */,
				E95BDF3424A4DE1200D278EE /* SearchCharacterViewController.swift in Sources */,
				E924EFF424A9E64A008A18B8 /* Attribute.swift in Sources */,
				E95BDF3124A4A1EA00D278EE /* PatchViewController.swift in Sources */,
				E924EFED24A9E587008A18B8 /* UnlockedState.swift in Sources */,
				E976E28F24A208450095113F /* ViewController.swift in Sources */,
				E976E28B24A208450095113F /* AppDelegate.swift in Sources */,
				E976E2B324A244FF0095113F /* ServerTableViewController.swift in Sources */,
				E924EFE224A9DDCC008A18B8 /* Character.swift in Sources */,
				E924EFF224A9E625008A18B8 /* GearSet.swift in Sources */,
				E976E2B124A23B1A0095113F /* Patch.swift in Sources */,
				E924EFE824A9E30A008A18B8 /* AchivementList.swift in Sources */,
				E924EFFD24AA0C39008A18B8 /* CharacterViewController.swift in Sources */,
				E976E2AF24A237FC0095113F /* Server.swift in Sources */,
				E976E2B724A25F960095113F /* PatchTableViewCell.swift in Sources */,
				E924EFF024A9E618008A18B8 /* Gear.swift in Sources */,
				E924F00324AC8848008A18B8 /* SearchOther.swift in Sources */,
				E924F00824AC8A60008A18B8 /* SearchOtherResultsTableViewController.swift in Sources */,
				E976E28D24A208450095113F /* SceneDelegate.swift in Sources */,
				E924F00A24AC8A76008A18B8 /* SearchOtherResultsTableViewCell.swift in Sources */,
				E95BDF3D24A4EA7100D278EE /* Pagination.swift in Sources */,
				E976E2B924A25FCC0095113F /* PatchTableViewController.swift in Sources */,
				E924EFFB24A9F4C6008A18B8 /* GrandCompany.swift in Sources */,
				E95BDF3A24A4EA1C00D278EE /* SearchCharacter.swift in Sources */,
				E95BDF3F24A4F3A900D278EE /* SearchCharacterResultTableViewController.swift in Sources */,
				E924EFEB24A9E4BF008A18B8 /* Job.swift in Sources */,
				E924EFE624A9E2FB008A18B8 /* Achievement.swift in Sources */,
			);
			runOnlyForDeploymentPostprocessing = 0;
		};
		E976E29924A208480095113F /* Sources */ = {
			isa = PBXSourcesBuildPhase;
			buildActionMask = 2147483647;
			files = (
				E976E2A224A208480095113F /* XIVAPIv2Tests.swift in Sources */,
			);
			runOnlyForDeploymentPostprocessing = 0;
		};
/* End PBXSourcesBuildPhase section */

/* Begin PBXTargetDependency section */
		E976E29F24A208480095113F /* PBXTargetDependency */ = {
			isa = PBXTargetDependency;
			target = E976E28624A208450095113F /* XIVAPIv2 */;
			targetProxy = E976E29E24A208480095113F /* PBXContainerItemProxy */;
		};
/* End PBXTargetDependency section */

/* Begin PBXVariantGroup section */
		E976E29024A208450095113F /* Main.storyboard */ = {
			isa = PBXVariantGroup;
			children = (
				E976E29124A208450095113F /* Base */,
			);
			name = Main.storyboard;
			sourceTree = "<group>";
		};
		E976E29524A208480095113F /* LaunchScreen.storyboard */ = {
			isa = PBXVariantGroup;
			children = (
				E976E29624A208480095113F /* Base */,
			);
			name = LaunchScreen.storyboard;
			sourceTree = "<group>";
		};
/* End PBXVariantGroup section */

/* Begin XCBuildConfiguration section */
		E976E2A424A208480095113F /* Debug */ = {
			isa = XCBuildConfiguration;
			buildSettings = {
				ALWAYS_SEARCH_USER_PATHS = NO;
				CLANG_ANALYZER_NONNULL = YES;
				CLANG_ANALYZER_NUMBER_OBJECT_CONVERSION = YES_AGGRESSIVE;
				CLANG_CXX_LANGUAGE_STANDARD = "gnu++14";
				CLANG_CXX_LIBRARY = "libc++";
				CLANG_ENABLE_MODULES = YES;
				CLANG_ENABLE_OBJC_ARC = YES;
				CLANG_ENABLE_OBJC_WEAK = YES;
				CLANG_WARN_BLOCK_CAPTURE_AUTORELEASING = YES;
				CLANG_WARN_BOOL_CONVERSION = YES;
				CLANG_WARN_COMMA = YES;
				CLANG_WARN_CONSTANT_CONVERSION = YES;
				CLANG_WARN_DEPRECATED_OBJC_IMPLEMENTATIONS = YES;
				CLANG_WARN_DIRECT_OBJC_ISA_USAGE = YES_ERROR;
				CLANG_WARN_DOCUMENTATION_COMMENTS = YES;
				CLANG_WARN_EMPTY_BODY = YES;
				CLANG_WARN_ENUM_CONVERSION = YES;
				CLANG_WARN_INFINITE_RECURSION = YES;
				CLANG_WARN_INT_CONVERSION = YES;
				CLANG_WARN_NON_LITERAL_NULL_CONVERSION = YES;
				CLANG_WARN_OBJC_IMPLICIT_RETAIN_SELF = YES;
				CLANG_WARN_OBJC_LITERAL_CONVERSION = YES;
				CLANG_WARN_OBJC_ROOT_CLASS = YES_ERROR;
				CLANG_WARN_RANGE_LOOP_ANALYSIS = YES;
				CLANG_WARN_STRICT_PROTOTYPES = YES;
				CLANG_WARN_SUSPICIOUS_MOVE = YES;
				CLANG_WARN_UNGUARDED_AVAILABILITY = YES_AGGRESSIVE;
				CLANG_WARN_UNREACHABLE_CODE = YES;
				CLANG_WARN__DUPLICATE_METHOD_MATCH = YES;
				COPY_PHASE_STRIP = NO;
				DEBUG_INFORMATION_FORMAT = dwarf;
				ENABLE_STRICT_OBJC_MSGSEND = YES;
				ENABLE_TESTABILITY = YES;
				GCC_C_LANGUAGE_STANDARD = gnu11;
				GCC_DYNAMIC_NO_PIC = NO;
				GCC_NO_COMMON_BLOCKS = YES;
				GCC_OPTIMIZATION_LEVEL = 0;
				GCC_PREPROCESSOR_DEFINITIONS = (
					"DEBUG=1",
					"$(inherited)",
				);
				GCC_WARN_64_TO_32_BIT_CONVERSION = YES;
				GCC_WARN_ABOUT_RETURN_TYPE = YES_ERROR;
				GCC_WARN_UNDECLARED_SELECTOR = YES;
				GCC_WARN_UNINITIALIZED_AUTOS = YES_AGGRESSIVE;
				GCC_WARN_UNUSED_FUNCTION = YES;
				GCC_WARN_UNUSED_VARIABLE = YES;
				IPHONEOS_DEPLOYMENT_TARGET = 13.5;
				MTL_ENABLE_DEBUG_INFO = INCLUDE_SOURCE;
				MTL_FAST_MATH = YES;
				ONLY_ACTIVE_ARCH = YES;
				SDKROOT = iphoneos;
				SWIFT_ACTIVE_COMPILATION_CONDITIONS = DEBUG;
				SWIFT_OPTIMIZATION_LEVEL = "-Onone";
			};
			name = Debug;
		};
		E976E2A524A208480095113F /* Release */ = {
			isa = XCBuildConfiguration;
			buildSettings = {
				ALWAYS_SEARCH_USER_PATHS = NO;
				CLANG_ANALYZER_NONNULL = YES;
				CLANG_ANALYZER_NUMBER_OBJECT_CONVERSION = YES_AGGRESSIVE;
				CLANG_CXX_LANGUAGE_STANDARD = "gnu++14";
				CLANG_CXX_LIBRARY = "libc++";
				CLANG_ENABLE_MODULES = YES;
				CLANG_ENABLE_OBJC_ARC = YES;
				CLANG_ENABLE_OBJC_WEAK = YES;
				CLANG_WARN_BLOCK_CAPTURE_AUTORELEASING = YES;
				CLANG_WARN_BOOL_CONVERSION = YES;
				CLANG_WARN_COMMA = YES;
				CLANG_WARN_CONSTANT_CONVERSION = YES;
				CLANG_WARN_DEPRECATED_OBJC_IMPLEMENTATIONS = YES;
				CLANG_WARN_DIRECT_OBJC_ISA_USAGE = YES_ERROR;
				CLANG_WARN_DOCUMENTATION_COMMENTS = YES;
				CLANG_WARN_EMPTY_BODY = YES;
				CLANG_WARN_ENUM_CONVERSION = YES;
				CLANG_WARN_INFINITE_RECURSION = YES;
				CLANG_WARN_INT_CONVERSION = YES;
				CLANG_WARN_NON_LITERAL_NULL_CONVERSION = YES;
				CLANG_WARN_OBJC_IMPLICIT_RETAIN_SELF = YES;
				CLANG_WARN_OBJC_LITERAL_CONVERSION = YES;
				CLANG_WARN_OBJC_ROOT_CLASS = YES_ERROR;
				CLANG_WARN_RANGE_LOOP_ANALYSIS = YES;
				CLANG_WARN_STRICT_PROTOTYPES = YES;
				CLANG_WARN_SUSPICIOUS_MOVE = YES;
				CLANG_WARN_UNGUARDED_AVAILABILITY = YES_AGGRESSIVE;
				CLANG_WARN_UNREACHABLE_CODE = YES;
				CLANG_WARN__DUPLICATE_METHOD_MATCH = YES;
				COPY_PHASE_STRIP = NO;
				DEBUG_INFORMATION_FORMAT = "dwarf-with-dsym";
				ENABLE_NS_ASSERTIONS = NO;
				ENABLE_STRICT_OBJC_MSGSEND = YES;
				GCC_C_LANGUAGE_STANDARD = gnu11;
				GCC_NO_COMMON_BLOCKS = YES;
				GCC_WARN_64_TO_32_BIT_CONVERSION = YES;
				GCC_WARN_ABOUT_RETURN_TYPE = YES_ERROR;
				GCC_WARN_UNDECLARED_SELECTOR = YES;
				GCC_WARN_UNINITIALIZED_AUTOS = YES_AGGRESSIVE;
				GCC_WARN_UNUSED_FUNCTION = YES;
				GCC_WARN_UNUSED_VARIABLE = YES;
				IPHONEOS_DEPLOYMENT_TARGET = 13.5;
				MTL_ENABLE_DEBUG_INFO = NO;
				MTL_FAST_MATH = YES;
				SDKROOT = iphoneos;
				SWIFT_COMPILATION_MODE = wholemodule;
				SWIFT_OPTIMIZATION_LEVEL = "-O";
				VALIDATE_PRODUCT = YES;
			};
			name = Release;
		};
		E976E2A724A208480095113F /* Debug */ = {
			isa = XCBuildConfiguration;
			baseConfigurationReference = 2AD0913336EE93C055DD1CB1 /* Pods-XIVAPIv2.debug.xcconfig */;
			buildSettings = {
				ASSETCATALOG_COMPILER_APPICON_NAME = AppIcon;
				CODE_SIGN_STYLE = Automatic;
				DEVELOPMENT_TEAM = 4GKC8CC3YD;
				INFOPLIST_FILE = XIVAPIv2/Info.plist;
				LD_RUNPATH_SEARCH_PATHS = (
					"$(inherited)",
					"@executable_path/Frameworks",
				);
				PRODUCT_BUNDLE_IDENTIFIER = Perso.XIVAPIv2;
				PRODUCT_NAME = "$(TARGET_NAME)";
				SWIFT_VERSION = 5.0;
				TARGETED_DEVICE_FAMILY = "1,2";
			};
			name = Debug;
		};
		E976E2A824A208480095113F /* Release */ = {
			isa = XCBuildConfiguration;
			baseConfigurationReference = 44EA4B010D4FD02733EFAB5A /* Pods-XIVAPIv2.release.xcconfig */;
			buildSettings = {
				ASSETCATALOG_COMPILER_APPICON_NAME = AppIcon;
				CODE_SIGN_STYLE = Automatic;
				DEVELOPMENT_TEAM = 4GKC8CC3YD;
				INFOPLIST_FILE = XIVAPIv2/Info.plist;
				LD_RUNPATH_SEARCH_PATHS = (
					"$(inherited)",
					"@executable_path/Frameworks",
				);
				PRODUCT_BUNDLE_IDENTIFIER = Perso.XIVAPIv2;
				PRODUCT_NAME = "$(TARGET_NAME)";
				SWIFT_VERSION = 5.0;
				TARGETED_DEVICE_FAMILY = "1,2";
			};
			name = Release;
		};
		E976E2AA24A208480095113F /* Debug */ = {
			isa = XCBuildConfiguration;
			baseConfigurationReference = B0A492708D10BF0D6D380F49 /* Pods-XIVAPIv2-XIVAPIv2Tests.debug.xcconfig */;
			buildSettings = {
				ALWAYS_EMBED_SWIFT_STANDARD_LIBRARIES = YES;
				BUNDLE_LOADER = "$(TEST_HOST)";
				CODE_SIGN_STYLE = Automatic;
				DEVELOPMENT_TEAM = 4GKC8CC3YD;
				INFOPLIST_FILE = XIVAPIv2Tests/Info.plist;
				IPHONEOS_DEPLOYMENT_TARGET = 13.5;
				LD_RUNPATH_SEARCH_PATHS = (
					"$(inherited)",
					"@executable_path/Frameworks",
					"@loader_path/Frameworks",
				);
				PRODUCT_BUNDLE_IDENTIFIER = Perso.XIVAPIv2Tests;
				PRODUCT_NAME = "$(TARGET_NAME)";
				SWIFT_VERSION = 5.0;
				TARGETED_DEVICE_FAMILY = "1,2";
				TEST_HOST = "$(BUILT_PRODUCTS_DIR)/XIVAPIv2.app/XIVAPIv2";
			};
			name = Debug;
		};
		E976E2AB24A208480095113F /* Release */ = {
			isa = XCBuildConfiguration;
			baseConfigurationReference = 1FA32AF6D8C0D9BAC4E8FBB2 /* Pods-XIVAPIv2-XIVAPIv2Tests.release.xcconfig */;
			buildSettings = {
				ALWAYS_EMBED_SWIFT_STANDARD_LIBRARIES = YES;
				BUNDLE_LOADER = "$(TEST_HOST)";
				CODE_SIGN_STYLE = Automatic;
				DEVELOPMENT_TEAM = 4GKC8CC3YD;
				INFOPLIST_FILE = XIVAPIv2Tests/Info.plist;
				IPHONEOS_DEPLOYMENT_TARGET = 13.5;
				LD_RUNPATH_SEARCH_PATHS = (
					"$(inherited)",
					"@executable_path/Frameworks",
					"@loader_path/Frameworks",
				);
				PRODUCT_BUNDLE_IDENTIFIER = Perso.XIVAPIv2Tests;
				PRODUCT_NAME = "$(TARGET_NAME)";
				SWIFT_VERSION = 5.0;
				TARGETED_DEVICE_FAMILY = "1,2";
				TEST_HOST = "$(BUILT_PRODUCTS_DIR)/XIVAPIv2.app/XIVAPIv2";
			};
			name = Release;
		};
/* End XCBuildConfiguration section */

/* Begin XCConfigurationList section */
		E976E28224A208450095113F /* Build configuration list for PBXProject "XIVAPIv2" */ = {
			isa = XCConfigurationList;
			buildConfigurations = (
				E976E2A424A208480095113F /* Debug */,
				E976E2A524A208480095113F /* Release */,
			);
			defaultConfigurationIsVisible = 0;
			defaultConfigurationName = Release;
		};
		E976E2A624A208480095113F /* Build configuration list for PBXNativeTarget "XIVAPIv2" */ = {
			isa = XCConfigurationList;
			buildConfigurations = (
				E976E2A724A208480095113F /* Debug */,
				E976E2A824A208480095113F /* Release */,
			);
			defaultConfigurationIsVisible = 0;
			defaultConfigurationName = Release;
		};
		E976E2A924A208480095113F /* Build configuration list for PBXNativeTarget "XIVAPIv2Tests" */ = {
			isa = XCConfigurationList;
			buildConfigurations = (
				E976E2AA24A208480095113F /* Debug */,
				E976E2AB24A208480095113F /* Release */,
			);
			defaultConfigurationIsVisible = 0;
			defaultConfigurationName = Release;
		};
/* End XCConfigurationList section */
	};
	rootObject = E976E27F24A208450095113F /* Project object */;
}
