// !$*UTF8*$!
{
	archiveVersion = 1;
	classes = {
	};
	objectVersion = 52;
	objects = {

/* Begin PBXAggregateTarget section */
		FAD287022420BCF000F70BE1 /* SourceryGenerate */ = {
			isa = PBXAggregateTarget;
			buildConfigurationList = FAD287032420BCF000F70BE1 /* Build configuration list for PBXAggregateTarget "SourceryGenerate" */;
			buildPhases = (
				FAD287062420BD1100F70BE1 /* ShellScript */,
			);
			dependencies = (
			);
			name = SourceryGenerate;
			productName = SourceryGenerate;
		};
/* End PBXAggregateTarget section */

/* Begin PBXBuildFile section */
		1791D7E50B7CF97549B8996D /* Pods_ArchitectureTemplate_ArchitectureTemplateTests.framework in Frameworks */ = {isa = PBXBuildFile; fileRef = 08510F4FE02C04D12CA4FE64 /* Pods_ArchitectureTemplate_ArchitectureTemplateTests.framework */; };
		E93E5AC3245ACF9100EAF817 /* ServersRepository.swift in Sources */ = {isa = PBXBuildFile; fileRef = E93E5AC2245ACF9100EAF817 /* ServersRepository.swift */; };
		E93E5AC5245ACFC100EAF817 /* CharactersRepository.swift in Sources */ = {isa = PBXBuildFile; fileRef = E93E5AC4245ACFC100EAF817 /* CharactersRepository.swift */; };
		E93E5AC7245ACFEC00EAF817 /* PatchsRepository.swift in Sources */ = {isa = PBXBuildFile; fileRef = E93E5AC6245ACFEC00EAF817 /* PatchsRepository.swift */; };
		E93E5AE2245AD21400EAF817 /* CharactersActions.swift in Sources */ = {isa = PBXBuildFile; fileRef = E93E5AE1245AD21400EAF817 /* CharactersActions.swift */; };
		E93E5AE4245AD22600EAF817 /* CharactersProcessor.swift in Sources */ = {isa = PBXBuildFile; fileRef = E93E5AE3245AD22600EAF817 /* CharactersProcessor.swift */; };
		E93E5AE6245AD23600EAF817 /* CharacterReducer.swift in Sources */ = {isa = PBXBuildFile; fileRef = E93E5AE5245AD23600EAF817 /* CharacterReducer.swift */; };
		E93E5AE8245AD24B00EAF817 /* CharacterState.swift in Sources */ = {isa = PBXBuildFile; fileRef = E93E5AE7245AD24B00EAF817 /* CharacterState.swift */; };
		E93E5AEA245AD26100EAF817 /* CharacterResults.swift in Sources */ = {isa = PBXBuildFile; fileRef = E93E5AE9245AD26100EAF817 /* CharacterResults.swift */; };
		E93E5AEF245AD43A00EAF817 /* ServersProcessor.swift in Sources */ = {isa = PBXBuildFile; fileRef = E93E5AEE245AD43A00EAF817 /* ServersProcessor.swift */; };
		E93E5AF1245AD44C00EAF817 /* ServersReducer.swift in Sources */ = {isa = PBXBuildFile; fileRef = E93E5AF0245AD44C00EAF817 /* ServersReducer.swift */; };
		E93E5AF3245AD45800EAF817 /* ServersState.swift in Sources */ = {isa = PBXBuildFile; fileRef = E93E5AF2245AD45800EAF817 /* ServersState.swift */; };
		E93E5AF5245AD46600EAF817 /* ServersAction.swift in Sources */ = {isa = PBXBuildFile; fileRef = E93E5AF4245AD46600EAF817 /* ServersAction.swift */; };
		E93E5AF7245AD47500EAF817 /* ServersResult.swift in Sources */ = {isa = PBXBuildFile; fileRef = E93E5AF6245AD47500EAF817 /* ServersResult.swift */; };
		E93E5AF9245AD49300EAF817 /* PatchsProcessor.swift in Sources */ = {isa = PBXBuildFile; fileRef = E93E5AF8245AD49300EAF817 /* PatchsProcessor.swift */; };
		E93E5AFB245AD4A100EAF817 /* PatchsReducer.swift in Sources */ = {isa = PBXBuildFile; fileRef = E93E5AFA245AD4A100EAF817 /* PatchsReducer.swift */; };
		E93E5AFD245AD4AD00EAF817 /* PatchsState.swift in Sources */ = {isa = PBXBuildFile; fileRef = E93E5AFC245AD4AD00EAF817 /* PatchsState.swift */; };
		E93E5AFF245AD4B900EAF817 /* PatchsAction.swift in Sources */ = {isa = PBXBuildFile; fileRef = E93E5AFE245AD4B900EAF817 /* PatchsAction.swift */; };
		E93E5B01245AD4C500EAF817 /* PatchsResult.swift in Sources */ = {isa = PBXBuildFile; fileRef = E93E5B00245AD4C500EAF817 /* PatchsResult.swift */; };
		E93E5B03245ADA7A00EAF817 /* ServerListStoryboard.storyboard in Resources */ = {isa = PBXBuildFile; fileRef = E93E5B02245ADA7A00EAF817 /* ServerListStoryboard.storyboard */; };
		E93E5B05245ADCF700EAF817 /* GridView.swift in Sources */ = {isa = PBXBuildFile; fileRef = E93E5B04245ADCF700EAF817 /* GridView.swift */; };
		E93E5B07245AE8F300EAF817 /* XIVAPIService.swift in Sources */ = {isa = PBXBuildFile; fileRef = E93E5B06245AE8F300EAF817 /* XIVAPIService.swift */; };
		FAB9FE14241FD7900079B6EF /* AppDelegate.swift in Sources */ = {isa = PBXBuildFile; fileRef = FAB9FE13241FD7900079B6EF /* AppDelegate.swift */; };
		FAB9FE18241FD7900079B6EF /* ViewController.swift in Sources */ = {isa = PBXBuildFile; fileRef = FAB9FE17241FD7900079B6EF /* ViewController.swift */; };
		FAB9FE1B241FD7900079B6EF /* Main.storyboard in Resources */ = {isa = PBXBuildFile; fileRef = FAB9FE19241FD7900079B6EF /* Main.storyboard */; };
		FAB9FE1D241FD7950079B6EF /* Assets.xcassets in Resources */ = {isa = PBXBuildFile; fileRef = FAB9FE1C241FD7950079B6EF /* Assets.xcassets */; };
		FAB9FE20241FD7950079B6EF /* LaunchScreen.storyboard in Resources */ = {isa = PBXBuildFile; fileRef = FAB9FE1E241FD7950079B6EF /* LaunchScreen.storyboard */; };
		FAB9FE2B241FD7960079B6EF /* XIVAPITests.swift in Sources */ = {isa = PBXBuildFile; fileRef = FAB9FE2A241FD7960079B6EF /* XIVAPITests.swift */; };
		FAD286FD2420BC5E00F70BE1 /* Swinject in Frameworks */ = {isa = PBXBuildFile; productRef = FAD286FC2420BC5E00F70BE1 /* Swinject */; };
		FAD287002420BC9C00F70BE1 /* MemberwiseCopyable.stencil in Resources */ = {isa = PBXBuildFile; fileRef = FAD286FF2420BC9C00F70BE1 /* MemberwiseCopyable.stencil */; };
		FAD2871124220AC500F70BE1 /* StateType.swift in Sources */ = {isa = PBXBuildFile; fileRef = FAD2870C24220AC500F70BE1 /* StateType.swift */; };
		FAD2871224220AC500F70BE1 /* ActionType.swift in Sources */ = {isa = PBXBuildFile; fileRef = FAD2870D24220AC500F70BE1 /* ActionType.swift */; };
		FAD2871324220AC500F70BE1 /* ReducerType.swift in Sources */ = {isa = PBXBuildFile; fileRef = FAD2870E24220AC500F70BE1 /* ReducerType.swift */; };
		FAD2871424220AC500F70BE1 /* ResultType.swift in Sources */ = {isa = PBXBuildFile; fileRef = FAD2870F24220AC500F70BE1 /* ResultType.swift */; };
		FAD2871524220AC500F70BE1 /* ProcessorType.swift in Sources */ = {isa = PBXBuildFile; fileRef = FAD2871024220AC500F70BE1 /* ProcessorType.swift */; };
		FAD2871824220AE300F70BE1 /* BaseViewController.swift in Sources */ = {isa = PBXBuildFile; fileRef = FAD2871724220AE300F70BE1 /* BaseViewController.swift */; };
		FAD2872224220B1800F70BE1 /* FontScaler.swift in Sources */ = {isa = PBXBuildFile; fileRef = FAD2871B24220B1700F70BE1 /* FontScaler.swift */; };
		FAD2872324220B1800F70BE1 /* OneTimeEvent.swift in Sources */ = {isa = PBXBuildFile; fileRef = FAD2871C24220B1700F70BE1 /* OneTimeEvent.swift */; };
		FAD2872424220B1800F70BE1 /* Observable.swift in Sources */ = {isa = PBXBuildFile; fileRef = FAD2871D24220B1700F70BE1 /* Observable.swift */; };
		FAD2872524220B1800F70BE1 /* DisposeBag.swift in Sources */ = {isa = PBXBuildFile; fileRef = FAD2871E24220B1700F70BE1 /* DisposeBag.swift */; };
		FAD2872724220B1800F70BE1 /* Disposable.swift in Sources */ = {isa = PBXBuildFile; fileRef = FAD2872024220B1800F70BE1 /* Disposable.swift */; };
		FAD2872824220B1800F70BE1 /* MemberwiseCopyable.swift in Sources */ = {isa = PBXBuildFile; fileRef = FAD2872124220B1800F70BE1 /* MemberwiseCopyable.swift */; };
		FAD2873324220C0400F70BE1 /* AppState.swift in Sources */ = {isa = PBXBuildFile; fileRef = FAD2872F24220C0400F70BE1 /* AppState.swift */; };
		FAD2873424220C0400F70BE1 /* AppReducer.swift in Sources */ = {isa = PBXBuildFile; fileRef = FAD2873024220C0400F70BE1 /* AppReducer.swift */; };
		FAD2873524220C0400F70BE1 /* AppController.swift in Sources */ = {isa = PBXBuildFile; fileRef = FAD2873124220C0400F70BE1 /* AppController.swift */; };
		FAD2873624220C0400F70BE1 /* AppProcessor.swift in Sources */ = {isa = PBXBuildFile; fileRef = FAD2873224220C0400F70BE1 /* AppProcessor.swift */; };
		FAD2873F24220D0A00F70BE1 /* AppLabel.swift in Sources */ = {isa = PBXBuildFile; fileRef = FAD2873B24220D0A00F70BE1 /* AppLabel.swift */; };
		FAD2874024220D0A00F70BE1 /* AppTheme.swift in Sources */ = {isa = PBXBuildFile; fileRef = FAD2873C24220D0A00F70BE1 /* AppTheme.swift */; };
		FAD2874224220D0A00F70BE1 /* AppButton.swift in Sources */ = {isa = PBXBuildFile; fileRef = FAD2873E24220D0A00F70BE1 /* AppButton.swift */; };
		FAD2874E24220EFC00F70BE1 /* GothamRounded-Light.otf in Resources */ = {isa = PBXBuildFile; fileRef = FAD2874424220EFB00F70BE1 /* GothamRounded-Light.otf */; };
		FAD2874F24220EFC00F70BE1 /* GothamRounded-Bold.otf in Resources */ = {isa = PBXBuildFile; fileRef = FAD2874524220EFB00F70BE1 /* GothamRounded-Bold.otf */; };
		FAD2875124220EFC00F70BE1 /* GothamRounded-LightItalic.otf in Resources */ = {isa = PBXBuildFile; fileRef = FAD2874724220EFB00F70BE1 /* GothamRounded-LightItalic.otf */; };
		FAD2875224220EFC00F70BE1 /* GothamRounded-Medium.otf in Resources */ = {isa = PBXBuildFile; fileRef = FAD2874824220EFB00F70BE1 /* GothamRounded-Medium.otf */; };
		FAD2875324220EFC00F70BE1 /* GothamRounded-MediumItalic.otf in Resources */ = {isa = PBXBuildFile; fileRef = FAD2874924220EFC00F70BE1 /* GothamRounded-MediumItalic.otf */; };
		FAD2875424220EFC00F70BE1 /* GothamRounded.plist in Resources */ = {isa = PBXBuildFile; fileRef = FAD2874A24220EFC00F70BE1 /* GothamRounded.plist */; };
		FAD2875624220EFC00F70BE1 /* GothamRounded-Book.otf in Resources */ = {isa = PBXBuildFile; fileRef = FAD2874C24220EFC00F70BE1 /* GothamRounded-Book.otf */; };
		FAD2875724220EFC00F70BE1 /* GothamRounded-BoldItalic.otf in Resources */ = {isa = PBXBuildFile; fileRef = FAD2874D24220EFC00F70BE1 /* GothamRounded-BoldItalic.otf */; };
		FAD28765242213C900F70BE1 /* MemberwiseCopyable.generated.swift in Sources */ = {isa = PBXBuildFile; fileRef = FAD28764242213C900F70BE1 /* MemberwiseCopyable.generated.swift */; };
		FAD28771242217DE00F70BE1 /* UIFont+Theme.swift in Sources */ = {isa = PBXBuildFile; fileRef = FAD28770242217DE00F70BE1 /* UIFont+Theme.swift */; };
/* End PBXBuildFile section */

/* Begin PBXContainerItemProxy section */
		FAB9FE27241FD7960079B6EF /* PBXContainerItemProxy */ = {
			isa = PBXContainerItemProxy;
			containerPortal = FAB9FE08241FD7900079B6EF /* Project object */;
			proxyType = 1;
			remoteGlobalIDString = FAB9FE0F241FD7900079B6EF;
			remoteInfo = ArchitectureTemplate;
		};
/* End PBXContainerItemProxy section */

/* Begin PBXFileReference section */
		08510F4FE02C04D12CA4FE64 /* Pods_ArchitectureTemplate_ArchitectureTemplateTests.framework */ = {isa = PBXFileReference; explicitFileType = wrapper.framework; includeInIndex = 0; path = Pods_ArchitectureTemplate_ArchitectureTemplateTests.framework; sourceTree = BUILT_PRODUCTS_DIR; };
		7581C27A6ED4E8D657E4A050 /* Pods_ArchitectureTemplate.framework */ = {isa = PBXFileReference; explicitFileType = wrapper.framework; includeInIndex = 0; path = Pods_ArchitectureTemplate.framework; sourceTree = BUILT_PRODUCTS_DIR; };
		8215879BDCE80BD40C52DAF6 /* Pods-ArchitectureTemplateTests.release.xcconfig */ = {isa = PBXFileReference; includeInIndex = 1; lastKnownFileType = text.xcconfig; name = "Pods-ArchitectureTemplateTests.release.xcconfig"; path = "Target Support Files/Pods-ArchitectureTemplateTests/Pods-ArchitectureTemplateTests.release.xcconfig"; sourceTree = "<group>"; };
		87A132AA208A7A95D764C801 /* Pods-ArchitectureTemplate-ArchitectureTemplateTests.release.xcconfig */ = {isa = PBXFileReference; includeInIndex = 1; lastKnownFileType = text.xcconfig; name = "Pods-ArchitectureTemplate-ArchitectureTemplateTests.release.xcconfig"; path = "Target Support Files/Pods-ArchitectureTemplate-ArchitectureTemplateTests/Pods-ArchitectureTemplate-ArchitectureTemplateTests.release.xcconfig"; sourceTree = "<group>"; };
		965CFE59EDBD53F8E6D5112A /* Pods-ArchitectureTemplate.debug.xcconfig */ = {isa = PBXFileReference; includeInIndex = 1; lastKnownFileType = text.xcconfig; name = "Pods-ArchitectureTemplate.debug.xcconfig"; path = "Target Support Files/Pods-ArchitectureTemplate/Pods-ArchitectureTemplate.debug.xcconfig"; sourceTree = "<group>"; };
		B5392B676461BB0E6F6C04B4 /* Pods-ArchitectureTemplateTests.debug.xcconfig */ = {isa = PBXFileReference; includeInIndex = 1; lastKnownFileType = text.xcconfig; name = "Pods-ArchitectureTemplateTests.debug.xcconfig"; path = "Target Support Files/Pods-ArchitectureTemplateTests/Pods-ArchitectureTemplateTests.debug.xcconfig"; sourceTree = "<group>"; };
		B937C97081DD6FC29A916D80 /* Pods-ArchitectureTemplate.release.xcconfig */ = {isa = PBXFileReference; includeInIndex = 1; lastKnownFileType = text.xcconfig; name = "Pods-ArchitectureTemplate.release.xcconfig"; path = "Target Support Files/Pods-ArchitectureTemplate/Pods-ArchitectureTemplate.release.xcconfig"; sourceTree = "<group>"; };
		E10A17E08EA7A18771866049 /* Pods-ArchitectureTemplate-ArchitectureTemplateTests.debug.xcconfig */ = {isa = PBXFileReference; includeInIndex = 1; lastKnownFileType = text.xcconfig; name = "Pods-ArchitectureTemplate-ArchitectureTemplateTests.debug.xcconfig"; path = "Target Support Files/Pods-ArchitectureTemplate-ArchitectureTemplateTests/Pods-ArchitectureTemplate-ArchitectureTemplateTests.debug.xcconfig"; sourceTree = "<group>"; };
		E93E5AC2245ACF9100EAF817 /* ServersRepository.swift */ = {isa = PBXFileReference; lastKnownFileType = sourcecode.swift; path = ServersRepository.swift; sourceTree = "<group>"; };
		E93E5AC4245ACFC100EAF817 /* CharactersRepository.swift */ = {isa = PBXFileReference; lastKnownFileType = sourcecode.swift; path = CharactersRepository.swift; sourceTree = "<group>"; };
		E93E5AC6245ACFEC00EAF817 /* PatchsRepository.swift */ = {isa = PBXFileReference; lastKnownFileType = sourcecode.swift; path = PatchsRepository.swift; sourceTree = "<group>"; };
		E93E5AE1245AD21400EAF817 /* CharactersActions.swift */ = {isa = PBXFileReference; lastKnownFileType = sourcecode.swift; path = CharactersActions.swift; sourceTree = "<group>"; };
		E93E5AE3245AD22600EAF817 /* CharactersProcessor.swift */ = {isa = PBXFileReference; lastKnownFileType = sourcecode.swift; path = CharactersProcessor.swift; sourceTree = "<group>"; };
		E93E5AE5245AD23600EAF817 /* CharacterReducer.swift */ = {isa = PBXFileReference; lastKnownFileType = sourcecode.swift; path = CharacterReducer.swift; sourceTree = "<group>"; };
		E93E5AE7245AD24B00EAF817 /* CharacterState.swift */ = {isa = PBXFileReference; lastKnownFileType = sourcecode.swift; path = CharacterState.swift; sourceTree = "<group>"; };
		E93E5AE9245AD26100EAF817 /* CharacterResults.swift */ = {isa = PBXFileReference; lastKnownFileType = sourcecode.swift; path = CharacterResults.swift; sourceTree = "<group>"; };
		E93E5AEC245AD3DD00EAF817 /* Podfile */ = {isa = PBXFileReference; lastKnownFileType = text; path = Podfile; sourceTree = "<group>"; };
		E93E5AEE245AD43A00EAF817 /* ServersProcessor.swift */ = {isa = PBXFileReference; lastKnownFileType = sourcecode.swift; path = ServersProcessor.swift; sourceTree = "<group>"; };
		E93E5AF0245AD44C00EAF817 /* ServersReducer.swift */ = {isa = PBXFileReference; lastKnownFileType = sourcecode.swift; path = ServersReducer.swift; sourceTree = "<group>"; };
		E93E5AF2245AD45800EAF817 /* ServersState.swift */ = {isa = PBXFileReference; lastKnownFileType = sourcecode.swift; path = ServersState.swift; sourceTree = "<group>"; };
		E93E5AF4245AD46600EAF817 /* ServersAction.swift */ = {isa = PBXFileReference; lastKnownFileType = sourcecode.swift; path = ServersAction.swift; sourceTree = "<group>"; };
		E93E5AF6245AD47500EAF817 /* ServersResult.swift */ = {isa = PBXFileReference; lastKnownFileType = sourcecode.swift; path = ServersResult.swift; sourceTree = "<group>"; };
		E93E5AF8245AD49300EAF817 /* PatchsProcessor.swift */ = {isa = PBXFileReference; lastKnownFileType = sourcecode.swift; path = PatchsProcessor.swift; sourceTree = "<group>"; };
		E93E5AFA245AD4A100EAF817 /* PatchsReducer.swift */ = {isa = PBXFileReference; lastKnownFileType = sourcecode.swift; path = PatchsReducer.swift; sourceTree = "<group>"; };
		E93E5AFC245AD4AD00EAF817 /* PatchsState.swift */ = {isa = PBXFileReference; lastKnownFileType = sourcecode.swift; path = PatchsState.swift; sourceTree = "<group>"; };
		E93E5AFE245AD4B900EAF817 /* PatchsAction.swift */ = {isa = PBXFileReference; lastKnownFileType = sourcecode.swift; path = PatchsAction.swift; sourceTree = "<group>"; };
		E93E5B00245AD4C500EAF817 /* PatchsResult.swift */ = {isa = PBXFileReference; lastKnownFileType = sourcecode.swift; path = PatchsResult.swift; sourceTree = "<group>"; };
		E93E5B02245ADA7A00EAF817 /* ServerListStoryboard.storyboard */ = {isa = PBXFileReference; lastKnownFileType = file.storyboard; path = ServerListStoryboard.storyboard; sourceTree = "<group>"; };
		E93E5B04245ADCF700EAF817 /* GridView.swift */ = {isa = PBXFileReference; lastKnownFileType = sourcecode.swift; path = GridView.swift; sourceTree = "<group>"; };
		E93E5B06245AE8F300EAF817 /* XIVAPIService.swift */ = {isa = PBXFileReference; lastKnownFileType = sourcecode.swift; path = XIVAPIService.swift; sourceTree = "<group>"; };
		E93E5B08245AE9CC00EAF817 /* Moya.framework */ = {isa = PBXFileReference; explicitFileType = wrapper.framework; path = Moya.framework; sourceTree = BUILT_PRODUCTS_DIR; };
		E93E5B0C245AE9D000EAF817 /* Alamofire.framework */ = {isa = PBXFileReference; explicitFileType = wrapper.framework; path = Alamofire.framework; sourceTree = BUILT_PRODUCTS_DIR; };
		FAB9FE10241FD7900079B6EF /* ArchitectureTemplate.app */ = {isa = PBXFileReference; explicitFileType = wrapper.application; includeInIndex = 0; path = ArchitectureTemplate.app; sourceTree = BUILT_PRODUCTS_DIR; };
		FAB9FE13241FD7900079B6EF /* AppDelegate.swift */ = {isa = PBXFileReference; lastKnownFileType = sourcecode.swift; path = AppDelegate.swift; sourceTree = "<group>"; };
		FAB9FE17241FD7900079B6EF /* ViewController.swift */ = {isa = PBXFileReference; lastKnownFileType = sourcecode.swift; path = ViewController.swift; sourceTree = "<group>"; };
		FAB9FE1A241FD7900079B6EF /* Base */ = {isa = PBXFileReference; lastKnownFileType = file.storyboard; name = Base; path = Base.lproj/Main.storyboard; sourceTree = "<group>"; };
		FAB9FE1C241FD7950079B6EF /* Assets.xcassets */ = {isa = PBXFileReference; lastKnownFileType = folder.assetcatalog; path = Assets.xcassets; sourceTree = "<group>"; };
		FAB9FE1F241FD7950079B6EF /* Base */ = {isa = PBXFileReference; lastKnownFileType = file.storyboard; name = Base; path = Base.lproj/LaunchScreen.storyboard; sourceTree = "<group>"; };
		FAB9FE21241FD7950079B6EF /* Info.plist */ = {isa = PBXFileReference; lastKnownFileType = text.plist.xml; path = Info.plist; sourceTree = "<group>"; };
		FAB9FE26241FD7960079B6EF /* ArchitectureTemplateTests.xctest */ = {isa = PBXFileReference; explicitFileType = wrapper.cfbundle; includeInIndex = 0; path = ArchitectureTemplateTests.xctest; sourceTree = BUILT_PRODUCTS_DIR; };
		FAB9FE2A241FD7960079B6EF /* XIVAPITests.swift */ = {isa = PBXFileReference; lastKnownFileType = sourcecode.swift; path = XIVAPITests.swift; sourceTree = "<group>"; };
		FAB9FE2C241FD7960079B6EF /* Info.plist */ = {isa = PBXFileReference; lastKnownFileType = text.plist.xml; path = Info.plist; sourceTree = "<group>"; };
		FAD286FF2420BC9C00F70BE1 /* MemberwiseCopyable.stencil */ = {isa = PBXFileReference; fileEncoding = 4; lastKnownFileType = text; path = MemberwiseCopyable.stencil; sourceTree = "<group>"; };
		FAD2870C24220AC500F70BE1 /* StateType.swift */ = {isa = PBXFileReference; fileEncoding = 4; lastKnownFileType = sourcecode.swift; path = StateType.swift; sourceTree = "<group>"; };
		FAD2870D24220AC500F70BE1 /* ActionType.swift */ = {isa = PBXFileReference; fileEncoding = 4; lastKnownFileType = sourcecode.swift; path = ActionType.swift; sourceTree = "<group>"; };
		FAD2870E24220AC500F70BE1 /* ReducerType.swift */ = {isa = PBXFileReference; fileEncoding = 4; lastKnownFileType = sourcecode.swift; path = ReducerType.swift; sourceTree = "<group>"; };
		FAD2870F24220AC500F70BE1 /* ResultType.swift */ = {isa = PBXFileReference; fileEncoding = 4; lastKnownFileType = sourcecode.swift; path = ResultType.swift; sourceTree = "<group>"; };
		FAD2871024220AC500F70BE1 /* ProcessorType.swift */ = {isa = PBXFileReference; fileEncoding = 4; lastKnownFileType = sourcecode.swift; path = ProcessorType.swift; sourceTree = "<group>"; };
		FAD2871724220AE300F70BE1 /* BaseViewController.swift */ = {isa = PBXFileReference; fileEncoding = 4; lastKnownFileType = sourcecode.swift; path = BaseViewController.swift; sourceTree = "<group>"; };
		FAD2871B24220B1700F70BE1 /* FontScaler.swift */ = {isa = PBXFileReference; fileEncoding = 4; lastKnownFileType = sourcecode.swift; path = FontScaler.swift; sourceTree = "<group>"; };
		FAD2871C24220B1700F70BE1 /* OneTimeEvent.swift */ = {isa = PBXFileReference; fileEncoding = 4; lastKnownFileType = sourcecode.swift; path = OneTimeEvent.swift; sourceTree = "<group>"; };
		FAD2871D24220B1700F70BE1 /* Observable.swift */ = {isa = PBXFileReference; fileEncoding = 4; lastKnownFileType = sourcecode.swift; path = Observable.swift; sourceTree = "<group>"; };
		FAD2871E24220B1700F70BE1 /* DisposeBag.swift */ = {isa = PBXFileReference; fileEncoding = 4; lastKnownFileType = sourcecode.swift; path = DisposeBag.swift; sourceTree = "<group>"; };
		FAD2872024220B1800F70BE1 /* Disposable.swift */ = {isa = PBXFileReference; fileEncoding = 4; lastKnownFileType = sourcecode.swift; path = Disposable.swift; sourceTree = "<group>"; };
		FAD2872124220B1800F70BE1 /* MemberwiseCopyable.swift */ = {isa = PBXFileReference; fileEncoding = 4; lastKnownFileType = sourcecode.swift; path = MemberwiseCopyable.swift; sourceTree = "<group>"; };
		FAD2872F24220C0400F70BE1 /* AppState.swift */ = {isa = PBXFileReference; fileEncoding = 4; lastKnownFileType = sourcecode.swift; path = AppState.swift; sourceTree = "<group>"; };
		FAD2873024220C0400F70BE1 /* AppReducer.swift */ = {isa = PBXFileReference; fileEncoding = 4; lastKnownFileType = sourcecode.swift; path = AppReducer.swift; sourceTree = "<group>"; };
		FAD2873124220C0400F70BE1 /* AppController.swift */ = {isa = PBXFileReference; fileEncoding = 4; lastKnownFileType = sourcecode.swift; path = AppController.swift; sourceTree = "<group>"; };
		FAD2873224220C0400F70BE1 /* AppProcessor.swift */ = {isa = PBXFileReference; fileEncoding = 4; lastKnownFileType = sourcecode.swift; path = AppProcessor.swift; sourceTree = "<group>"; };
		FAD2873B24220D0A00F70BE1 /* AppLabel.swift */ = {isa = PBXFileReference; fileEncoding = 4; lastKnownFileType = sourcecode.swift; path = AppLabel.swift; sourceTree = "<group>"; };
		FAD2873C24220D0A00F70BE1 /* AppTheme.swift */ = {isa = PBXFileReference; fileEncoding = 4; lastKnownFileType = sourcecode.swift; path = AppTheme.swift; sourceTree = "<group>"; };
		FAD2873E24220D0A00F70BE1 /* AppButton.swift */ = {isa = PBXFileReference; fileEncoding = 4; lastKnownFileType = sourcecode.swift; path = AppButton.swift; sourceTree = "<group>"; };
		FAD2874424220EFB00F70BE1 /* GothamRounded-Light.otf */ = {isa = PBXFileReference; lastKnownFileType = file; path = "GothamRounded-Light.otf"; sourceTree = "<group>"; };
		FAD2874524220EFB00F70BE1 /* GothamRounded-Bold.otf */ = {isa = PBXFileReference; lastKnownFileType = file; path = "GothamRounded-Bold.otf"; sourceTree = "<group>"; };
		FAD2874724220EFB00F70BE1 /* GothamRounded-LightItalic.otf */ = {isa = PBXFileReference; lastKnownFileType = file; path = "GothamRounded-LightItalic.otf"; sourceTree = "<group>"; };
		FAD2874824220EFB00F70BE1 /* GothamRounded-Medium.otf */ = {isa = PBXFileReference; lastKnownFileType = file; path = "GothamRounded-Medium.otf"; sourceTree = "<group>"; };
		FAD2874924220EFC00F70BE1 /* GothamRounded-MediumItalic.otf */ = {isa = PBXFileReference; lastKnownFileType = file; path = "GothamRounded-MediumItalic.otf"; sourceTree = "<group>"; };
		FAD2874A24220EFC00F70BE1 /* GothamRounded.plist */ = {isa = PBXFileReference; fileEncoding = 4; lastKnownFileType = text.plist.xml; path = GothamRounded.plist; sourceTree = "<group>"; };
		FAD2874C24220EFC00F70BE1 /* GothamRounded-Book.otf */ = {isa = PBXFileReference; lastKnownFileType = file; path = "GothamRounded-Book.otf"; sourceTree = "<group>"; };
		FAD2874D24220EFC00F70BE1 /* GothamRounded-BoldItalic.otf */ = {isa = PBXFileReference; lastKnownFileType = file; path = "GothamRounded-BoldItalic.otf"; sourceTree = "<group>"; };
		FAD28764242213C900F70BE1 /* MemberwiseCopyable.generated.swift */ = {isa = PBXFileReference; fileEncoding = 4; lastKnownFileType = sourcecode.swift; path = MemberwiseCopyable.generated.swift; sourceTree = "<group>"; };
		FAD28770242217DE00F70BE1 /* UIFont+Theme.swift */ = {isa = PBXFileReference; lastKnownFileType = sourcecode.swift; path = "UIFont+Theme.swift"; sourceTree = "<group>"; };
/* End PBXFileReference section */

/* Begin PBXFrameworksBuildPhase section */
		FAB9FE0D241FD7900079B6EF /* Frameworks */ = {
			isa = PBXFrameworksBuildPhase;
			buildActionMask = 2147483647;
			files = (
				FAD286FD2420BC5E00F70BE1 /* Swinject in Frameworks */,
			);
			runOnlyForDeploymentPostprocessing = 0;
		};
		FAB9FE23241FD7960079B6EF /* Frameworks */ = {
			isa = PBXFrameworksBuildPhase;
			buildActionMask = 2147483647;
			files = (
				1791D7E50B7CF97549B8996D /* Pods_ArchitectureTemplate_ArchitectureTemplateTests.framework in Frameworks */,
			);
			runOnlyForDeploymentPostprocessing = 0;
		};
/* End PBXFrameworksBuildPhase section */

/* Begin PBXGroup section */
		B1FF86FBDE816F57360D179E /* Pods */ = {
			isa = PBXGroup;
			children = (
				965CFE59EDBD53F8E6D5112A /* Pods-ArchitectureTemplate.debug.xcconfig */,
				B937C97081DD6FC29A916D80 /* Pods-ArchitectureTemplate.release.xcconfig */,
				B5392B676461BB0E6F6C04B4 /* Pods-ArchitectureTemplateTests.debug.xcconfig */,
				8215879BDCE80BD40C52DAF6 /* Pods-ArchitectureTemplateTests.release.xcconfig */,
				E10A17E08EA7A18771866049 /* Pods-ArchitectureTemplate-ArchitectureTemplateTests.debug.xcconfig */,
				87A132AA208A7A95D764C801 /* Pods-ArchitectureTemplate-ArchitectureTemplateTests.release.xcconfig */,
			);
			path = Pods;
			sourceTree = "<group>";
		};
		E93E5AB6245ACD9C00EAF817 /* Patchs */ = {
			isa = PBXGroup;
			children = (
				E93E5AC1245ACF5A00EAF817 /* Data */,
				E93E5AC0245ACF5300EAF817 /* Domain */,
				E93E5ABF245ACF4400EAF817 /* Presentation */,
			);
			path = Patchs;
			sourceTree = "<group>";
		};
		E93E5AB7245ACDD400EAF817 /* Characters */ = {
			isa = PBXGroup;
			children = (
				E93E5AE0245AD1FC00EAF817 /* Domain */,
				E93E5ABE245ACF3700EAF817 /* Data */,
				E93E5ABC245ACED000EAF817 /* Presentation */,
			);
			path = Characters;
			sourceTree = "<group>";
		};
		E93E5AB8245ACDE100EAF817 /* Servers */ = {
			isa = PBXGroup;
			children = (
				E93E5AED245AD40500EAF817 /* Domain */,
				E93E5ABB245ACE5500EAF817 /* Data */,
				E93E5AB9245ACE3800EAF817 /* Presentation */,
			);
			path = Servers;
			sourceTree = "<group>";
		};
		E93E5AB9245ACE3800EAF817 /* Presentation */ = {
			isa = PBXGroup;
			children = (
				E93E5B02245ADA7A00EAF817 /* ServerListStoryboard.storyboard */,
				E93E5B04245ADCF700EAF817 /* GridView.swift */,
			);
			path = Presentation;
			sourceTree = "<group>";
		};
		E93E5ABB245ACE5500EAF817 /* Data */ = {
			isa = PBXGroup;
			children = (
				E93E5AC2245ACF9100EAF817 /* ServersRepository.swift */,
			);
			path = Data;
			sourceTree = "<group>";
		};
		E93E5ABC245ACED000EAF817 /* Presentation */ = {
			isa = PBXGroup;
			children = (
			);
			path = Presentation;
			sourceTree = "<group>";
		};
		E93E5ABE245ACF3700EAF817 /* Data */ = {
			isa = PBXGroup;
			children = (
				E93E5AC4245ACFC100EAF817 /* CharactersRepository.swift */,
			);
			path = Data;
			sourceTree = "<group>";
		};
		E93E5ABF245ACF4400EAF817 /* Presentation */ = {
			isa = PBXGroup;
			children = (
			);
			path = Presentation;
			sourceTree = "<group>";
		};
		E93E5AC0245ACF5300EAF817 /* Domain */ = {
			isa = PBXGroup;
			children = (
				E93E5AF8245AD49300EAF817 /* PatchsProcessor.swift */,
				E93E5AFA245AD4A100EAF817 /* PatchsReducer.swift */,
				E93E5AFC245AD4AD00EAF817 /* PatchsState.swift */,
				E93E5AFE245AD4B900EAF817 /* PatchsAction.swift */,
				E93E5B00245AD4C500EAF817 /* PatchsResult.swift */,
			);
			path = Domain;
			sourceTree = "<group>";
		};
		E93E5AC1245ACF5A00EAF817 /* Data */ = {
			isa = PBXGroup;
			children = (
				E93E5AC6245ACFEC00EAF817 /* PatchsRepository.swift */,
			);
			path = Data;
			sourceTree = "<group>";
		};
		E93E5AE0245AD1FC00EAF817 /* Domain */ = {
			isa = PBXGroup;
			children = (
				E93E5AE1245AD21400EAF817 /* CharactersActions.swift */,
				E93E5AE3245AD22600EAF817 /* CharactersProcessor.swift */,
				E93E5AE5245AD23600EAF817 /* CharacterReducer.swift */,
				E93E5AE7245AD24B00EAF817 /* CharacterState.swift */,
				E93E5AE9245AD26100EAF817 /* CharacterResults.swift */,
			);
			path = Domain;
			sourceTree = "<group>";
		};
		E93E5AEB245AD3DC00EAF817 /* Frameworks */ = {
			isa = PBXGroup;
			children = (
				E93E5B0C245AE9D000EAF817 /* Alamofire.framework */,
				E93E5B08245AE9CC00EAF817 /* Moya.framework */,
				E93E5AEC245AD3DD00EAF817 /* Podfile */,
				7581C27A6ED4E8D657E4A050 /* Pods_ArchitectureTemplate.framework */,
				08510F4FE02C04D12CA4FE64 /* Pods_ArchitectureTemplate_ArchitectureTemplateTests.framework */,
			);
			name = Frameworks;
			sourceTree = "<group>";
		};
		E93E5AED245AD40500EAF817 /* Domain */ = {
			isa = PBXGroup;
			children = (
				E93E5AEE245AD43A00EAF817 /* ServersProcessor.swift */,
				E93E5AF0245AD44C00EAF817 /* ServersReducer.swift */,
				E93E5AF2245AD45800EAF817 /* ServersState.swift */,
				E93E5AF4245AD46600EAF817 /* ServersAction.swift */,
				E93E5AF6245AD47500EAF817 /* ServersResult.swift */,
			);
			path = Domain;
			sourceTree = "<group>";
		};
		FAB9FE07241FD7900079B6EF = {
			isa = PBXGroup;
			children = (
				FAB9FE12241FD7900079B6EF /* XIVAPI */,
				FAB9FE29241FD7960079B6EF /* XIVAPITests */,
				FAB9FE11241FD7900079B6EF /* Products */,
				E93E5AEB245AD3DC00EAF817 /* Frameworks */,
				B1FF86FBDE816F57360D179E /* Pods */,
			);
			sourceTree = "<group>";
		};
		FAB9FE11241FD7900079B6EF /* Products */ = {
			isa = PBXGroup;
			children = (
				FAB9FE10241FD7900079B6EF /* ArchitectureTemplate.app */,
				FAB9FE26241FD7960079B6EF /* ArchitectureTemplateTests.xctest */,
			);
			name = Products;
			sourceTree = "<group>";
		};
		FAB9FE12241FD7900079B6EF /* XIVAPI */ = {
			isa = PBXGroup;
			children = (
				E93E5AB8245ACDE100EAF817 /* Servers */,
				E93E5AB7245ACDD400EAF817 /* Characters */,
				E93E5AB6245ACD9C00EAF817 /* Patchs */,
				FAB9FE13241FD7900079B6EF /* AppDelegate.swift */,
				FAB9FE19241FD7900079B6EF /* Main.storyboard */,
				FAB9FE1C241FD7950079B6EF /* Assets.xcassets */,
				FAB9FE1E241FD7950079B6EF /* LaunchScreen.storyboard */,
				FAB9FE21241FD7950079B6EF /* Info.plist */,
				FAD286FE2420BC7C00F70BE1 /* Sourcery */,
				FAD287012420BCB400F70BE1 /* base */,
				FAD2872C24220BBF00F70BE1 /* app */,
			);
			path = XIVAPI;
			sourceTree = "<group>";
		};
		FAB9FE29241FD7960079B6EF /* XIVAPITests */ = {
			isa = PBXGroup;
			children = (
				FAB9FE2A241FD7960079B6EF /* XIVAPITests.swift */,
				FAB9FE2C241FD7960079B6EF /* Info.plist */,
			);
			path = XIVAPITests;
			sourceTree = "<group>";
		};
		FAD286FE2420BC7C00F70BE1 /* Sourcery */ = {
			isa = PBXGroup;
			children = (
				FAD28764242213C900F70BE1 /* MemberwiseCopyable.generated.swift */,
				FAD286FF2420BC9C00F70BE1 /* MemberwiseCopyable.stencil */,
			);
			path = Sourcery;
			sourceTree = "<group>";
		};
		FAD287012420BCB400F70BE1 /* base */ = {
			isa = PBXGroup;
			children = (
				FAD2870824220A8A00F70BE1 /* domain */,
				FAD2871624220ACA00F70BE1 /* presentation */,
				FAD2872924220B2200F70BE1 /* theme */,
				FAD2871A24220B0400F70BE1 /* util */,
			);
			path = base;
			sourceTree = "<group>";
		};
		FAD2870824220A8A00F70BE1 /* domain */ = {
			isa = PBXGroup;
			children = (
				FAD2870D24220AC500F70BE1 /* ActionType.swift */,
				FAD2871024220AC500F70BE1 /* ProcessorType.swift */,
				FAD2870E24220AC500F70BE1 /* ReducerType.swift */,
				FAD2870F24220AC500F70BE1 /* ResultType.swift */,
				FAD2870C24220AC500F70BE1 /* StateType.swift */,
			);
			path = domain;
			sourceTree = "<group>";
		};
		FAD2871624220ACA00F70BE1 /* presentation */ = {
			isa = PBXGroup;
			children = (
				FAD2871724220AE300F70BE1 /* BaseViewController.swift */,
			);
			path = presentation;
			sourceTree = "<group>";
		};
		FAD2871A24220B0400F70BE1 /* util */ = {
			isa = PBXGroup;
			children = (
				FAD2871D24220B1700F70BE1 /* Observable.swift */,
				FAD2872024220B1800F70BE1 /* Disposable.swift */,
				FAD2871E24220B1700F70BE1 /* DisposeBag.swift */,
				FAD2872124220B1800F70BE1 /* MemberwiseCopyable.swift */,
				FAD2871C24220B1700F70BE1 /* OneTimeEvent.swift */,
			);
			path = util;
			sourceTree = "<group>";
		};
		FAD2872924220B2200F70BE1 /* theme */ = {
			isa = PBXGroup;
			children = (
				FAD2871B24220B1700F70BE1 /* FontScaler.swift */,
			);
			path = theme;
			sourceTree = "<group>";
		};
		FAD2872C24220BBF00F70BE1 /* app */ = {
			isa = PBXGroup;
			children = (
				FAD2872D24220BE500F70BE1 /* domain */,
				FAD2872E24220BED00F70BE1 /* presentation */,
				FAD2873A24220C3100F70BE1 /* theme */,
			);
			path = app;
			sourceTree = "<group>";
		};
		FAD2872D24220BE500F70BE1 /* domain */ = {
			isa = PBXGroup;
			children = (
				FAD2873124220C0400F70BE1 /* AppController.swift */,
				FAD2873224220C0400F70BE1 /* AppProcessor.swift */,
				FAD2873024220C0400F70BE1 /* AppReducer.swift */,
				FAD2872F24220C0400F70BE1 /* AppState.swift */,
				E93E5B06245AE8F300EAF817 /* XIVAPIService.swift */,
			);
			path = domain;
			sourceTree = "<group>";
		};
		FAD2872E24220BED00F70BE1 /* presentation */ = {
			isa = PBXGroup;
			children = (
				FAB9FE17241FD7900079B6EF /* ViewController.swift */,
			);
			path = presentation;
			sourceTree = "<group>";
		};
		FAD2873A24220C3100F70BE1 /* theme */ = {
			isa = PBXGroup;
			children = (
				FAD2873C24220D0A00F70BE1 /* AppTheme.swift */,
				FAD2873E24220D0A00F70BE1 /* AppButton.swift */,
				FAD2873B24220D0A00F70BE1 /* AppLabel.swift */,
				FAD28770242217DE00F70BE1 /* UIFont+Theme.swift */,
				FAD2874324220EEF00F70BE1 /* fonts */,
			);
			path = theme;
			sourceTree = "<group>";
		};
		FAD2874324220EEF00F70BE1 /* fonts */ = {
			isa = PBXGroup;
			children = (
				FAD2874524220EFB00F70BE1 /* GothamRounded-Bold.otf */,
				FAD2874D24220EFC00F70BE1 /* GothamRounded-BoldItalic.otf */,
				FAD2874C24220EFC00F70BE1 /* GothamRounded-Book.otf */,
				FAD2874424220EFB00F70BE1 /* GothamRounded-Light.otf */,
				FAD2874724220EFB00F70BE1 /* GothamRounded-LightItalic.otf */,
				FAD2874824220EFB00F70BE1 /* GothamRounded-Medium.otf */,
				FAD2874924220EFC00F70BE1 /* GothamRounded-MediumItalic.otf */,
				FAD2874A24220EFC00F70BE1 /* GothamRounded.plist */,
			);
			path = fonts;
			sourceTree = "<group>";
		};
/* End PBXGroup section */

/* Begin PBXNativeTarget section */
		FAB9FE0F241FD7900079B6EF /* ArchitectureTemplate */ = {
			isa = PBXNativeTarget;
			buildConfigurationList = FAB9FE2F241FD7960079B6EF /* Build configuration list for PBXNativeTarget "ArchitectureTemplate" */;
			buildPhases = (
				6C89B38ABC29FE210B8CF04C /* [CP] Check Pods Manifest.lock */,
				FAD287072420C15500F70BE1 /* Swift Lint */,
				FAB9FE0C241FD7900079B6EF /* Sources */,
				FAB9FE0D241FD7900079B6EF /* Frameworks */,
				FAB9FE0E241FD7900079B6EF /* Resources */,
			);
			buildRules = (
			);
			dependencies = (
			);
			name = ArchitectureTemplate;
			packageProductDependencies = (
				FAD286FC2420BC5E00F70BE1 /* Swinject */,
			);
			productName = ArchitectureTemplate;
			productReference = FAB9FE10241FD7900079B6EF /* ArchitectureTemplate.app */;
			productType = "com.apple.product-type.application";
		};
		FAB9FE25241FD7960079B6EF /* ArchitectureTemplateTests */ = {
			isa = PBXNativeTarget;
			buildConfigurationList = FAB9FE32241FD7960079B6EF /* Build configuration list for PBXNativeTarget "ArchitectureTemplateTests" */;
			buildPhases = (
				53F2D45C5A61FED08E311E71 /* [CP] Check Pods Manifest.lock */,
				FAB9FE22241FD7960079B6EF /* Sources */,
				FAB9FE23241FD7960079B6EF /* Frameworks */,
				FAB9FE24241FD7960079B6EF /* Resources */,
				A52876F450F47C81EA3AD85B /* [CP] Embed Pods Frameworks */,
			);
			buildRules = (
			);
			dependencies = (
				FAB9FE28241FD7960079B6EF /* PBXTargetDependency */,
			);
			name = ArchitectureTemplateTests;
			productName = ArchitectureTemplateTests;
			productReference = FAB9FE26241FD7960079B6EF /* ArchitectureTemplateTests.xctest */;
			productType = "com.apple.product-type.bundle.unit-test";
		};
/* End PBXNativeTarget section */

/* Begin PBXProject section */
		FAB9FE08241FD7900079B6EF /* Project object */ = {
			isa = PBXProject;
			attributes = {
				LastSwiftUpdateCheck = 1130;
				LastUpgradeCheck = 1130;
				ORGANIZATIONNAME = "My Lucky Day";
				TargetAttributes = {
					FAB9FE0F241FD7900079B6EF = {
						CreatedOnToolsVersion = 11.3.1;
					};
					FAB9FE25241FD7960079B6EF = {
						CreatedOnToolsVersion = 11.3.1;
						TestTargetID = FAB9FE0F241FD7900079B6EF;
					};
					FAD287022420BCF000F70BE1 = {
						CreatedOnToolsVersion = 11.3.1;
					};
				};
			};
			buildConfigurationList = FAB9FE0B241FD7900079B6EF /* Build configuration list for PBXProject "XIVAPI" */;
			compatibilityVersion = "Xcode 9.3";
			developmentRegion = en;
			hasScannedForEncodings = 0;
			knownRegions = (
				en,
				Base,
			);
			mainGroup = FAB9FE07241FD7900079B6EF;
			packageReferences = (
				FAD286FB2420BC5E00F70BE1 /* XCRemoteSwiftPackageReference "Swinject" */,
			);
			productRefGroup = FAB9FE11241FD7900079B6EF /* Products */;
			projectDirPath = "";
			projectRoot = "";
			targets = (
				FAB9FE0F241FD7900079B6EF /* ArchitectureTemplate */,
				FAB9FE25241FD7960079B6EF /* ArchitectureTemplateTests */,
				FAD287022420BCF000F70BE1 /* SourceryGenerate */,
			);
		};
/* End PBXProject section */

/* Begin PBXResourcesBuildPhase section */
		FAB9FE0E241FD7900079B6EF /* Resources */ = {
			isa = PBXResourcesBuildPhase;
			buildActionMask = 2147483647;
			files = (
				E93E5B03245ADA7A00EAF817 /* ServerListStoryboard.storyboard in Resources */,
				FAD2875724220EFC00F70BE1 /* GothamRounded-BoldItalic.otf in Resources */,
				FAD2875324220EFC00F70BE1 /* GothamRounded-MediumItalic.otf in Resources */,
				FAD2875424220EFC00F70BE1 /* GothamRounded.plist in Resources */,
				FAD2875624220EFC00F70BE1 /* GothamRounded-Book.otf in Resources */,
				FAD2875124220EFC00F70BE1 /* GothamRounded-LightItalic.otf in Resources */,
				FAB9FE20241FD7950079B6EF /* LaunchScreen.storyboard in Resources */,
				FAD2874E24220EFC00F70BE1 /* GothamRounded-Light.otf in Resources */,
				FAD2875224220EFC00F70BE1 /* GothamRounded-Medium.otf in Resources */,
				FAD2874F24220EFC00F70BE1 /* GothamRounded-Bold.otf in Resources */,
				FAD287002420BC9C00F70BE1 /* MemberwiseCopyable.stencil in Resources */,
				FAB9FE1D241FD7950079B6EF /* Assets.xcassets in Resources */,
				FAB9FE1B241FD7900079B6EF /* Main.storyboard in Resources */,
			);
			runOnlyForDeploymentPostprocessing = 0;
		};
		FAB9FE24241FD7960079B6EF /* Resources */ = {
			isa = PBXResourcesBuildPhase;
			buildActionMask = 2147483647;
			files = (
			);
			runOnlyForDeploymentPostprocessing = 0;
		};
/* End PBXResourcesBuildPhase section */

/* Begin PBXShellScriptBuildPhase section */
		53F2D45C5A61FED08E311E71 /* [CP] Check Pods Manifest.lock */ = {
			isa = PBXShellScriptBuildPhase;
			buildActionMask = 2147483647;
			files = (
			);
			inputFileListPaths = (
			);
			inputPaths = (
				"${PODS_PODFILE_DIR_PATH}/Podfile.lock",
				"${PODS_ROOT}/Manifest.lock",
			);
			name = "[CP] Check Pods Manifest.lock";
			outputFileListPaths = (
			);
			outputPaths = (
				"$(DERIVED_FILE_DIR)/Pods-ArchitectureTemplate-ArchitectureTemplateTests-checkManifestLockResult.txt",
			);
			runOnlyForDeploymentPostprocessing = 0;
			shellPath = /bin/sh;
			shellScript = "diff \"${PODS_PODFILE_DIR_PATH}/Podfile.lock\" \"${PODS_ROOT}/Manifest.lock\" > /dev/null\nif [ $? != 0 ] ; then\n    # print error to STDERR\n    echo \"error: The sandbox is not in sync with the Podfile.lock. Run 'pod install' or update your CocoaPods installation.\" >&2\n    exit 1\nfi\n# This output is used by Xcode 'outputs' to avoid re-running this script phase.\necho \"SUCCESS\" > \"${SCRIPT_OUTPUT_FILE_0}\"\n";
			showEnvVarsInLog = 0;
		};
		6C89B38ABC29FE210B8CF04C /* [CP] Check Pods Manifest.lock */ = {
			isa = PBXShellScriptBuildPhase;
			buildActionMask = 2147483647;
			files = (
			);
			inputFileListPaths = (
			);
			inputPaths = (
				"${PODS_PODFILE_DIR_PATH}/Podfile.lock",
				"${PODS_ROOT}/Manifest.lock",
			);
			name = "[CP] Check Pods Manifest.lock";
			outputFileListPaths = (
			);
			outputPaths = (
				"$(DERIVED_FILE_DIR)/Pods-ArchitectureTemplate-checkManifestLockResult.txt",
			);
			runOnlyForDeploymentPostprocessing = 0;
			shellPath = /bin/sh;
			shellScript = "diff \"${PODS_PODFILE_DIR_PATH}/Podfile.lock\" \"${PODS_ROOT}/Manifest.lock\" > /dev/null\nif [ $? != 0 ] ; then\n    # print error to STDERR\n    echo \"error: The sandbox is not in sync with the Podfile.lock. Run 'pod install' or update your CocoaPods installation.\" >&2\n    exit 1\nfi\n# This output is used by Xcode 'outputs' to avoid re-running this script phase.\necho \"SUCCESS\" > \"${SCRIPT_OUTPUT_FILE_0}\"\n";
			showEnvVarsInLog = 0;
		};
		A52876F450F47C81EA3AD85B /* [CP] Embed Pods Frameworks */ = {
			isa = PBXShellScriptBuildPhase;
			buildActionMask = 2147483647;
			files = (
			);
			inputFileListPaths = (
				"${PODS_ROOT}/Target Support Files/Pods-ArchitectureTemplate-ArchitectureTemplateTests/Pods-ArchitectureTemplate-ArchitectureTemplateTests-frameworks-${CONFIGURATION}-input-files.xcfilelist",
			);
			name = "[CP] Embed Pods Frameworks";
			outputFileListPaths = (
				"${PODS_ROOT}/Target Support Files/Pods-ArchitectureTemplate-ArchitectureTemplateTests/Pods-ArchitectureTemplate-ArchitectureTemplateTests-frameworks-${CONFIGURATION}-output-files.xcfilelist",
			);
			runOnlyForDeploymentPostprocessing = 0;
			shellPath = /bin/sh;
			shellScript = "\"${PODS_ROOT}/Target Support Files/Pods-ArchitectureTemplate-ArchitectureTemplateTests/Pods-ArchitectureTemplate-ArchitectureTemplateTests-frameworks.sh\"\n";
			showEnvVarsInLog = 0;
		};
		FAD287062420BD1100F70BE1 /* ShellScript */ = {
			isa = PBXShellScriptBuildPhase;
			buildActionMask = 2147483647;
			files = (
			);
			inputFileListPaths = (
			);
			inputPaths = (
			);
			outputFileListPaths = (
			);
			outputPaths = (
			);
			runOnlyForDeploymentPostprocessing = 0;
			shellPath = /bin/sh;
			shellScript = "if ! [ -x \"$(command -v sourcery)\" ]; then\n    brew install sourcery\nfi\nsourcery\n";
		};
		FAD287072420C15500F70BE1 /* Swift Lint */ = {
			isa = PBXShellScriptBuildPhase;
			buildActionMask = 2147483647;
			files = (
			);
			inputFileListPaths = (
			);
			inputPaths = (
			);
			name = "Swift Lint";
			outputFileListPaths = (
			);
			outputPaths = (
			);
			runOnlyForDeploymentPostprocessing = 0;
			shellPath = /bin/sh;
			shellScript = "if ! [ -x \"$(command -v swiftlint)\" ]; then\n    brew install swiftlint\nfi\n\nswiftlint lint\n";
		};
/* End PBXShellScriptBuildPhase section */

/* Begin PBXSourcesBuildPhase section */
		FAB9FE0C241FD7900079B6EF /* Sources */ = {
			isa = PBXSourcesBuildPhase;
			buildActionMask = 2147483647;
			files = (
				FAD2871524220AC500F70BE1 /* ProcessorType.swift in Sources */,
				FAD2874024220D0A00F70BE1 /* AppTheme.swift in Sources */,
				E93E5AE6245AD23600EAF817 /* CharacterReducer.swift in Sources */,
				E93E5AF9245AD49300EAF817 /* PatchsProcessor.swift in Sources */,
				FAD2872524220B1800F70BE1 /* DisposeBag.swift in Sources */,
				E93E5AC5245ACFC100EAF817 /* CharactersRepository.swift in Sources */,
				FAD2873424220C0400F70BE1 /* AppReducer.swift in Sources */,
				FAD2872824220B1800F70BE1 /* MemberwiseCopyable.swift in Sources */,
				E93E5AEF245AD43A00EAF817 /* ServersProcessor.swift in Sources */,
				FAD2871424220AC500F70BE1 /* ResultType.swift in Sources */,
				FAD2873524220C0400F70BE1 /* AppController.swift in Sources */,
				FAB9FE18241FD7900079B6EF /* ViewController.swift in Sources */,
				E93E5AF1245AD44C00EAF817 /* ServersReducer.swift in Sources */,
				E93E5AE2245AD21400EAF817 /* CharactersActions.swift in Sources */,
				FAD2871124220AC500F70BE1 /* StateType.swift in Sources */,
				FAD2873624220C0400F70BE1 /* AppProcessor.swift in Sources */,
				FAD28765242213C900F70BE1 /* MemberwiseCopyable.generated.swift in Sources */,
				E93E5AF5245AD46600EAF817 /* ServersAction.swift in Sources */,
				FAD2872424220B1800F70BE1 /* Observable.swift in Sources */,
				E93E5AF7245AD47500EAF817 /* ServersResult.swift in Sources */,
				E93E5B07245AE8F300EAF817 /* XIVAPIService.swift in Sources */,
				FAD2873F24220D0A00F70BE1 /* AppLabel.swift in Sources */,
				FAD2872724220B1800F70BE1 /* Disposable.swift in Sources */,
				FAD2872324220B1800F70BE1 /* OneTimeEvent.swift in Sources */,
				FAD2872224220B1800F70BE1 /* FontScaler.swift in Sources */,
				FAD2874224220D0A00F70BE1 /* AppButton.swift in Sources */,
				E93E5AC7245ACFEC00EAF817 /* PatchsRepository.swift in Sources */,
				FAD28771242217DE00F70BE1 /* UIFont+Theme.swift in Sources */,
				E93E5AEA245AD26100EAF817 /* CharacterResults.swift in Sources */,
				FAD2871324220AC500F70BE1 /* ReducerType.swift in Sources */,
				FAD2873324220C0400F70BE1 /* AppState.swift in Sources */,
				E93E5AE8245AD24B00EAF817 /* CharacterState.swift in Sources */,
				E93E5AF3245AD45800EAF817 /* ServersState.swift in Sources */,
				E93E5AE4245AD22600EAF817 /* CharactersProcessor.swift in Sources */,
				E93E5AFB245AD4A100EAF817 /* PatchsReducer.swift in Sources */,
				FAD2871824220AE300F70BE1 /* BaseViewController.swift in Sources */,
				E93E5AFF245AD4B900EAF817 /* PatchsAction.swift in Sources */,
				E93E5AFD245AD4AD00EAF817 /* PatchsState.swift in Sources */,
				FAD2871224220AC500F70BE1 /* ActionType.swift in Sources */,
				E93E5AC3245ACF9100EAF817 /* ServersRepository.swift in Sources */,
				FAB9FE14241FD7900079B6EF /* AppDelegate.swift in Sources */,
				E93E5B05245ADCF700EAF817 /* GridView.swift in Sources */,
				E93E5B01245AD4C500EAF817 /* PatchsResult.swift in Sources */,
			);
			runOnlyForDeploymentPostprocessing = 0;
		};
		FAB9FE22241FD7960079B6EF /* Sources */ = {
			isa = PBXSourcesBuildPhase;
			buildActionMask = 2147483647;
			files = (
				FAB9FE2B241FD7960079B6EF /* XIVAPITests.swift in Sources */,
			);
			runOnlyForDeploymentPostprocessing = 0;
		};
/* End PBXSourcesBuildPhase section */

/* Begin PBXTargetDependency section */
		FAB9FE28241FD7960079B6EF /* PBXTargetDependency */ = {
			isa = PBXTargetDependency;
			target = FAB9FE0F241FD7900079B6EF /* ArchitectureTemplate */;
			targetProxy = FAB9FE27241FD7960079B6EF /* PBXContainerItemProxy */;
		};
/* End PBXTargetDependency section */

/* Begin PBXVariantGroup section */
		FAB9FE19241FD7900079B6EF /* Main.storyboard */ = {
			isa = PBXVariantGroup;
			children = (
				FAB9FE1A241FD7900079B6EF /* Base */,
			);
			name = Main.storyboard;
			sourceTree = "<group>";
		};
		FAB9FE1E241FD7950079B6EF /* LaunchScreen.storyboard */ = {
			isa = PBXVariantGroup;
			children = (
				FAB9FE1F241FD7950079B6EF /* Base */,
			);
			name = LaunchScreen.storyboard;
			sourceTree = "<group>";
		};
/* End PBXVariantGroup section */

/* Begin XCBuildConfiguration section */
		FAB9FE2D241FD7960079B6EF /* Debug */ = {
			isa = XCBuildConfiguration;
			buildSettings = {
				ALWAYS_SEARCH_USER_PATHS = NO;
				CLANG_ANALYZER_NONNULL = YES;
				CLANG_ANALYZER_NUMBER_OBJECT_CONVERSION = YES_AGGRESSIVE;
				CLANG_CXX_LANGUAGE_STANDARD = "gnu++14";
				CLANG_CXX_LIBRARY = "libc++";
				CLANG_ENABLE_MODULES = YES;
				CLANG_ENABLE_OBJC_ARC = YES;
				CLANG_ENABLE_OBJC_WEAK = YES;
				CLANG_WARN_BLOCK_CAPTURE_AUTORELEASING = YES;
				CLANG_WARN_BOOL_CONVERSION = YES;
				CLANG_WARN_COMMA = YES;
				CLANG_WARN_CONSTANT_CONVERSION = YES;
				CLANG_WARN_DEPRECATED_OBJC_IMPLEMENTATIONS = YES;
				CLANG_WARN_DIRECT_OBJC_ISA_USAGE = YES_ERROR;
				CLANG_WARN_DOCUMENTATION_COMMENTS = YES;
				CLANG_WARN_EMPTY_BODY = YES;
				CLANG_WARN_ENUM_CONVERSION = YES;
				CLANG_WARN_INFINITE_RECURSION = YES;
				CLANG_WARN_INT_CONVERSION = YES;
				CLANG_WARN_NON_LITERAL_NULL_CONVERSION = YES;
				CLANG_WARN_OBJC_IMPLICIT_RETAIN_SELF = YES;
				CLANG_WARN_OBJC_LITERAL_CONVERSION = YES;
				CLANG_WARN_OBJC_ROOT_CLASS = YES_ERROR;
				CLANG_WARN_RANGE_LOOP_ANALYSIS = YES;
				CLANG_WARN_STRICT_PROTOTYPES = YES;
				CLANG_WARN_SUSPICIOUS_MOVE = YES;
				CLANG_WARN_UNGUARDED_AVAILABILITY = YES_AGGRESSIVE;
				CLANG_WARN_UNREACHABLE_CODE = YES;
				CLANG_WARN__DUPLICATE_METHOD_MATCH = YES;
				COPY_PHASE_STRIP = NO;
				DEBUG_INFORMATION_FORMAT = dwarf;
				ENABLE_STRICT_OBJC_MSGSEND = YES;
				ENABLE_TESTABILITY = YES;
				GCC_C_LANGUAGE_STANDARD = gnu11;
				GCC_DYNAMIC_NO_PIC = NO;
				GCC_NO_COMMON_BLOCKS = YES;
				GCC_OPTIMIZATION_LEVEL = 0;
				GCC_PREPROCESSOR_DEFINITIONS = (
					"DEBUG=1",
					"$(inherited)",
				);
				GCC_WARN_64_TO_32_BIT_CONVERSION = YES;
				GCC_WARN_ABOUT_RETURN_TYPE = YES_ERROR;
				GCC_WARN_UNDECLARED_SELECTOR = YES;
				GCC_WARN_UNINITIALIZED_AUTOS = YES_AGGRESSIVE;
				GCC_WARN_UNUSED_FUNCTION = YES;
				GCC_WARN_UNUSED_VARIABLE = YES;
				IPHONEOS_DEPLOYMENT_TARGET = 11.4;
				MTL_ENABLE_DEBUG_INFO = INCLUDE_SOURCE;
				MTL_FAST_MATH = YES;
				ONLY_ACTIVE_ARCH = YES;
				SDKROOT = iphoneos;
				SWIFT_ACTIVE_COMPILATION_CONDITIONS = DEBUG;
				SWIFT_OPTIMIZATION_LEVEL = "-Onone";
			};
			name = Debug;
		};
		FAB9FE2E241FD7960079B6EF /* Release */ = {
			isa = XCBuildConfiguration;
			buildSettings = {
				ALWAYS_SEARCH_USER_PATHS = NO;
				CLANG_ANALYZER_NONNULL = YES;
				CLANG_ANALYZER_NUMBER_OBJECT_CONVERSION = YES_AGGRESSIVE;
				CLANG_CXX_LANGUAGE_STANDARD = "gnu++14";
				CLANG_CXX_LIBRARY = "libc++";
				CLANG_ENABLE_MODULES = YES;
				CLANG_ENABLE_OBJC_ARC = YES;
				CLANG_ENABLE_OBJC_WEAK = YES;
				CLANG_WARN_BLOCK_CAPTURE_AUTORELEASING = YES;
				CLANG_WARN_BOOL_CONVERSION = YES;
				CLANG_WARN_COMMA = YES;
				CLANG_WARN_CONSTANT_CONVERSION = YES;
				CLANG_WARN_DEPRECATED_OBJC_IMPLEMENTATIONS = YES;
				CLANG_WARN_DIRECT_OBJC_ISA_USAGE = YES_ERROR;
				CLANG_WARN_DOCUMENTATION_COMMENTS = YES;
				CLANG_WARN_EMPTY_BODY = YES;
				CLANG_WARN_ENUM_CONVERSION = YES;
				CLANG_WARN_INFINITE_RECURSION = YES;
				CLANG_WARN_INT_CONVERSION = YES;
				CLANG_WARN_NON_LITERAL_NULL_CONVERSION = YES;
				CLANG_WARN_OBJC_IMPLICIT_RETAIN_SELF = YES;
				CLANG_WARN_OBJC_LITERAL_CONVERSION = YES;
				CLANG_WARN_OBJC_ROOT_CLASS = YES_ERROR;
				CLANG_WARN_RANGE_LOOP_ANALYSIS = YES;
				CLANG_WARN_STRICT_PROTOTYPES = YES;
				CLANG_WARN_SUSPICIOUS_MOVE = YES;
				CLANG_WARN_UNGUARDED_AVAILABILITY = YES_AGGRESSIVE;
				CLANG_WARN_UNREACHABLE_CODE = YES;
				CLANG_WARN__DUPLICATE_METHOD_MATCH = YES;
				COPY_PHASE_STRIP = NO;
				DEBUG_INFORMATION_FORMAT = "dwarf-with-dsym";
				ENABLE_NS_ASSERTIONS = NO;
				ENABLE_STRICT_OBJC_MSGSEND = YES;
				GCC_C_LANGUAGE_STANDARD = gnu11;
				GCC_NO_COMMON_BLOCKS = YES;
				GCC_WARN_64_TO_32_BIT_CONVERSION = YES;
				GCC_WARN_ABOUT_RETURN_TYPE = YES_ERROR;
				GCC_WARN_UNDECLARED_SELECTOR = YES;
				GCC_WARN_UNINITIALIZED_AUTOS = YES_AGGRESSIVE;
				GCC_WARN_UNUSED_FUNCTION = YES;
				GCC_WARN_UNUSED_VARIABLE = YES;
				IPHONEOS_DEPLOYMENT_TARGET = 11.4;
				MTL_ENABLE_DEBUG_INFO = NO;
				MTL_FAST_MATH = YES;
				SDKROOT = iphoneos;
				SWIFT_COMPILATION_MODE = wholemodule;
				SWIFT_OPTIMIZATION_LEVEL = "-O";
				VALIDATE_PRODUCT = YES;
			};
			name = Release;
		};
		FAB9FE30241FD7960079B6EF /* Debug */ = {
			isa = XCBuildConfiguration;
			baseConfigurationReference = 965CFE59EDBD53F8E6D5112A /* Pods-ArchitectureTemplate.debug.xcconfig */;
			buildSettings = {
				ASSETCATALOG_COMPILER_APPICON_NAME = AppIcon;
				CODE_SIGN_STYLE = Automatic;
				INFOPLIST_FILE = "$(SRCROOT)/XIVAPI/Info.plist";
				IPHONEOS_DEPLOYMENT_TARGET = 11.4;
				LD_RUNPATH_SEARCH_PATHS = (
					"$(inherited)",
					"@executable_path/Frameworks",
				);
				MARKETING_VERSION = 1.0.0;
				PRODUCT_BUNDLE_IDENTIFIER = com.myluckyday.ArchitectureTemplate;
				PRODUCT_NAME = "$(TARGET_NAME)";
				SWIFT_VERSION = 5.0;
				TARGETED_DEVICE_FAMILY = 1;
			};
			name = Debug;
		};
		FAB9FE31241FD7960079B6EF /* Release */ = {
			isa = XCBuildConfiguration;
			baseConfigurationReference = B937C97081DD6FC29A916D80 /* Pods-ArchitectureTemplate.release.xcconfig */;
			buildSettings = {
				ASSETCATALOG_COMPILER_APPICON_NAME = AppIcon;
				CODE_SIGN_STYLE = Automatic;
				INFOPLIST_FILE = "$(SRCROOT)/XIVAPI/Info.plist";
				IPHONEOS_DEPLOYMENT_TARGET = 11.4;
				LD_RUNPATH_SEARCH_PATHS = (
					"$(inherited)",
					"@executable_path/Frameworks",
				);
				MARKETING_VERSION = 1.0.0;
				PRODUCT_BUNDLE_IDENTIFIER = com.myluckyday.ArchitectureTemplate;
				PRODUCT_NAME = "$(TARGET_NAME)";
				SWIFT_VERSION = 5.0;
				TARGETED_DEVICE_FAMILY = 1;
			};
			name = Release;
		};
		FAB9FE33241FD7960079B6EF /* Debug */ = {
			isa = XCBuildConfiguration;
			baseConfigurationReference = E10A17E08EA7A18771866049 /* Pods-ArchitectureTemplate-ArchitectureTemplateTests.debug.xcconfig */;
			buildSettings = {
				ALWAYS_EMBED_SWIFT_STANDARD_LIBRARIES = YES;
				BUNDLE_LOADER = "$(TEST_HOST)";
				CODE_SIGN_STYLE = Automatic;
				INFOPLIST_FILE = ArchitectureTemplateTests/Info.plist;
				IPHONEOS_DEPLOYMENT_TARGET = 13.2;
				LD_RUNPATH_SEARCH_PATHS = (
					"$(inherited)",
					"@executable_path/Frameworks",
					"@loader_path/Frameworks",
				);
				PRODUCT_BUNDLE_IDENTIFIER = com.myluckyday.ArchitectureTemplateTests;
				PRODUCT_NAME = "$(TARGET_NAME)";
				SWIFT_VERSION = 5.0;
				TARGETED_DEVICE_FAMILY = "1,2";
				TEST_HOST = "$(BUILT_PRODUCTS_DIR)/ArchitectureTemplate.app/ArchitectureTemplate";
			};
			name = Debug;
		};
		FAB9FE34241FD7960079B6EF /* Release */ = {
			isa = XCBuildConfiguration;
			baseConfigurationReference = 87A132AA208A7A95D764C801 /* Pods-ArchitectureTemplate-ArchitectureTemplateTests.release.xcconfig */;
			buildSettings = {
				ALWAYS_EMBED_SWIFT_STANDARD_LIBRARIES = YES;
				BUNDLE_LOADER = "$(TEST_HOST)";
				CODE_SIGN_STYLE = Automatic;
				INFOPLIST_FILE = ArchitectureTemplateTests/Info.plist;
				IPHONEOS_DEPLOYMENT_TARGET = 13.2;
				LD_RUNPATH_SEARCH_PATHS = (
					"$(inherited)",
					"@executable_path/Frameworks",
					"@loader_path/Frameworks",
				);
				PRODUCT_BUNDLE_IDENTIFIER = com.myluckyday.ArchitectureTemplateTests;
				PRODUCT_NAME = "$(TARGET_NAME)";
				SWIFT_VERSION = 5.0;
				TARGETED_DEVICE_FAMILY = "1,2";
				TEST_HOST = "$(BUILT_PRODUCTS_DIR)/ArchitectureTemplate.app/ArchitectureTemplate";
			};
			name = Release;
		};
		FAD287042420BCF000F70BE1 /* Debug */ = {
			isa = XCBuildConfiguration;
			buildSettings = {
				CODE_SIGN_STYLE = Automatic;
				PRODUCT_NAME = "$(TARGET_NAME)";
			};
			name = Debug;
		};
		FAD287052420BCF000F70BE1 /* Release */ = {
			isa = XCBuildConfiguration;
			buildSettings = {
				CODE_SIGN_STYLE = Automatic;
				PRODUCT_NAME = "$(TARGET_NAME)";
			};
			name = Release;
		};
/* End XCBuildConfiguration section */

/* Begin XCConfigurationList section */
		FAB9FE0B241FD7900079B6EF /* Build configuration list for PBXProject "XIVAPI" */ = {
			isa = XCConfigurationList;
			buildConfigurations = (
				FAB9FE2D241FD7960079B6EF /* Debug */,
				FAB9FE2E241FD7960079B6EF /* Release */,
			);
			defaultConfigurationIsVisible = 0;
			defaultConfigurationName = Release;
		};
		FAB9FE2F241FD7960079B6EF /* Build configuration list for PBXNativeTarget "ArchitectureTemplate" */ = {
			isa = XCConfigurationList;
			buildConfigurations = (
				FAB9FE30241FD7960079B6EF /* Debug */,
				FAB9FE31241FD7960079B6EF /* Release */,
			);
			defaultConfigurationIsVisible = 0;
			defaultConfigurationName = Release;
		};
		FAB9FE32241FD7960079B6EF /* Build configuration list for PBXNativeTarget "ArchitectureTemplateTests" */ = {
			isa = XCConfigurationList;
			buildConfigurations = (
				FAB9FE33241FD7960079B6EF /* Debug */,
				FAB9FE34241FD7960079B6EF /* Release */,
			);
			defaultConfigurationIsVisible = 0;
			defaultConfigurationName = Release;
		};
		FAD287032420BCF000F70BE1 /* Build configuration list for PBXAggregateTarget "SourceryGenerate" */ = {
			isa = XCConfigurationList;
			buildConfigurations = (
				FAD287042420BCF000F70BE1 /* Debug */,
				FAD287052420BCF000F70BE1 /* Release */,
			);
			defaultConfigurationIsVisible = 0;
			defaultConfigurationName = Release;
		};
/* End XCConfigurationList section */

/* Begin XCRemoteSwiftPackageReference section */
		FAD286FB2420BC5E00F70BE1 /* XCRemoteSwiftPackageReference "Swinject" */ = {
			isa = XCRemoteSwiftPackageReference;
			repositoryURL = "https://github.com/Swinject/Swinject";
			requirement = {
				kind = upToNextMajorVersion;
				minimumVersion = 2.7.1;
			};
		};
/* End XCRemoteSwiftPackageReference section */

/* Begin XCSwiftPackageProductDependency section */
		FAD286FC2420BC5E00F70BE1 /* Swinject */ = {
			isa = XCSwiftPackageProductDependency;
			package = FAD286FB2420BC5E00F70BE1 /* XCRemoteSwiftPackageReference "Swinject" */;
			productName = Swinject;
		};
/* End XCSwiftPackageProductDependency section */
	};
	rootObject = FAB9FE08241FD7900079B6EF /* Project object */;
}
